
Microsoft Visual Studio Solution File, Format Version 12.00
# Visual Studio 15
VisualStudioVersion = 15.0.27703.2042
MinimumVisualStudioVersion = 10.0.40219.1
Project("{FAE04EC0-301F-11D3-BF4B-00C04F79EFBC}") = "KK_CharaMakerLoadedSound", "KK_CharaMakerLoadedSound\KK_CharaMakerLoadedSound.csproj", "{6463C4B8-12CE-496B-8578-48D424F61400}"
EndProject
Project("{FAE04EC0-301F-11D3-BF4B-00C04F79EFBC}") = "KK_StudioSceneLoadedSound", "KK_StudioSceneLoadedSound\KK_StudioSceneLoadedSound.csproj", "{78D47E8D-B2F7-4D7C-8BE8-213E4394A1FA}"
EndProject
Project("{FAE04EC0-301F-11D3-BF4B-00C04F79EFBC}") = "KK_GUIDMigration", "KK_GUIDMigration\KK_GUIDMigration.csproj", "{0EAD759C-2F92-4D3D-81AD-EA26ECB269C8}"
EndProject
Project("{FAE04EC0-301F-11D3-BF4B-00C04F79EFBC}") = "KK_ForceHighPoly", "KK_ForceHighPoly\KK_ForceHighPoly.csproj", "{650F4B0A-BE99-495B-84B0-0999AFEC670D}"
EndProject
Project("{FAE04EC0-301F-11D3-BF4B-00C04F79EFBC}") = "KK_CutsceneLockupFix", "KK_CutsceneLockupFix\KK_CutsceneLockupFix.csproj", "{93F71A72-1D95-4D53-8EE0-5E35D94E0536}"
EndProject
Project("{FAE04EC0-301F-11D3-BF4B-00C04F79EFBC}") = "KK_TestPlugin", "KK_TestPlugin\KK_TestPlugin.csproj", "{F9805D18-DD1B-4817-BBB0-5107873975F2}"
EndProject
Project("{FAE04EC0-301F-11D3-BF4B-00C04F79EFBC}") = "KK_ReloadCharaListOnChange", "KK_ReloadCharaListOnChange\KK_ReloadCharaListOnChange.csproj", "{C2C68AC3-CB8F-4BA7-91EA-9A242851294D}"
EndProject
Project("{FAE04EC0-301F-11D3-BF4B-00C04F79EFBC}") = "KK_InvisibleBody", "KK_InvisibleBody\KK_InvisibleBody.csproj", "{17B56A36-764F-4670-941A-B0CB76558F37}"
EndProject
Project("{FAE04EC0-301F-11D3-BF4B-00C04F79EFBC}") = "KK_InputHotkeyBlock", "KK_InputHotkeyBlock\KK_InputHotkeyBlock.csproj", "{3557D31C-F7F1-4FC6-BB2F-4360CD50152A}"
EndProject
Project("{FAE04EC0-301F-11D3-BF4B-00C04F79EFBC}") = "KK_PersonalityCorrector", "KK_PersonalityCorrector\KK_PersonalityCorrector.csproj", "{1E5DF2A3-2206-4534-A7A9-62223F9B674A}"
EndProject
Project("{FAE04EC0-301F-11D3-BF4B-00C04F79EFBC}") = "KK_UncensorSelector", "KK_UncensorSelector\KK_UncensorSelector.csproj", "{190FE08F-1D2E-4615-8555-F036D5E48587}"
EndProject
Project("{FAE04EC0-301F-11D3-BF4B-00C04F79EFBC}") = "KK_Subtitles", "KK_Subtitles\KK_Subtitles.csproj", "{AECDBBFB-B520-4589-AB30-EDB96F5354F0}"
EndProject
Project("{FAE04EC0-301F-11D3-BF4B-00C04F79EFBC}") = "KK_TextDump", "KK_TextDump\KK_TextDump.csproj", "{98B3AD67-6608-420F-A3A4-D1ABD9402905}"
EndProject
Project("{FAE04EC0-301F-11D3-BF4B-00C04F79EFBC}") = "KK_TranslationSync", "KK_TranslationSync\KK_TranslationSync.csproj", "{0C56DBC3-848C-42FD-B4F2-AB31863261F8}"
EndProject
Project("{FAE04EC0-301F-11D3-BF4B-00C04F79EFBC}") = "KK_AnimationController", "KK_AnimationController\KK_AnimationController.csproj", "{6BAA3E18-20B2-41D3-BCFC-FE13E9D5C2C1}"
EndProject
Project("{FAE04EC0-301F-11D3-BF4B-00C04F79EFBC}") = "KK_ClothingUnlocker", "KK_ClothingUnlocker\KK_ClothingUnlocker.csproj", "{A59F4B61-4FD8-4B7B-92C5-9C06D608DAD2}"
EndProject
Project("{FAE04EC0-301F-11D3-BF4B-00C04F79EFBC}") = "KK_HairAccessoryFix", "KK_HairAccessoryFix\KK_HairAccessoryFix.csproj", "{D9C3E165-10AB-4561-9D23-35DE4E91ADDB}"
EndProject
Project("{FAE04EC0-301F-11D3-BF4B-00C04F79EFBC}") = "KK_Colliders", "KK_Colliders\KK_Colliders.csproj", "{3D3A1302-C529-4D07-97A4-02C23560A547}"
EndProject
Project("{FAE04EC0-301F-11D3-BF4B-00C04F79EFBC}") = "KK_FreeHRandom", "KK_FreeHRandom\KK_FreeHRandom.csproj", "{A59CF955-A07B-4EF1-A9B5-169E0CE750DA}"
EndProject
Project("{FAE04EC0-301F-11D3-BF4B-00C04F79EFBC}") = "KK_EyeShaking", "KK_EyeShaking\KK_EyeShaking.csproj", "{7B514B4E-A0BC-4DA9-B2A8-0B72515E8033}"
EndProject
Project("{FAE04EC0-301F-11D3-BF4B-00C04F79EFBC}") = "KK_MiscFixes", "KK_MiscFixes\KK_MiscFixes.csproj", "{7C93707D-91B4-4F18-976D-D222F67FD59A}"
EndProject
Project("{FAE04EC0-301F-11D3-BF4B-00C04F79EFBC}") = "KK_AnimationOverdrive", "KK_ANIMATIONOVERDRIVE\KK_AnimationOverdrive.csproj", "{D7FABE27-7568-49B1-A81A-CDCE5708970F}"
EndProject
Project("{FAE04EC0-301F-11D3-BF4B-00C04F79EFBC}") = "KK_HCharaAdjustment", "KK_HCharaAdjustment\KK_HCharaAdjustment.csproj", "{42F4CCEE-063C-482F-AEE7-5E8D34433C95}"
EndProject
Project("{FAE04EC0-301F-11D3-BF4B-00C04F79EFBC}") = "KK_RandomCharacterGenerator", "KK_RandomCharacterGenerator\KK_RandomCharacterGenerator.csproj", "{7E21E1CC-356E-41BB-ABDD-BD0F99710361}"
EndProject
Global
	GlobalSection(SolutionConfigurationPlatforms) = preSolution
		Debug|Any CPU = Debug|Any CPU
		Release|Any CPU = Release|Any CPU
	EndGlobalSection
	GlobalSection(ProjectConfigurationPlatforms) = postSolution
		{6463C4B8-12CE-496B-8578-48D424F61400}.Debug|Any CPU.ActiveCfg = Debug|Any CPU
		{6463C4B8-12CE-496B-8578-48D424F61400}.Debug|Any CPU.Build.0 = Debug|Any CPU
		{6463C4B8-12CE-496B-8578-48D424F61400}.Release|Any CPU.ActiveCfg = Release|Any CPU
		{6463C4B8-12CE-496B-8578-48D424F61400}.Release|Any CPU.Build.0 = Release|Any CPU
		{78D47E8D-B2F7-4D7C-8BE8-213E4394A1FA}.Debug|Any CPU.ActiveCfg = Debug|Any CPU
		{78D47E8D-B2F7-4D7C-8BE8-213E4394A1FA}.Debug|Any CPU.Build.0 = Debug|Any CPU
		{78D47E8D-B2F7-4D7C-8BE8-213E4394A1FA}.Release|Any CPU.ActiveCfg = Release|Any CPU
		{78D47E8D-B2F7-4D7C-8BE8-213E4394A1FA}.Release|Any CPU.Build.0 = Release|Any CPU
		{0EAD759C-2F92-4D3D-81AD-EA26ECB269C8}.Debug|Any CPU.ActiveCfg = Debug|Any CPU
		{0EAD759C-2F92-4D3D-81AD-EA26ECB269C8}.Debug|Any CPU.Build.0 = Debug|Any CPU
		{0EAD759C-2F92-4D3D-81AD-EA26ECB269C8}.Release|Any CPU.ActiveCfg = Release|Any CPU
		{0EAD759C-2F92-4D3D-81AD-EA26ECB269C8}.Release|Any CPU.Build.0 = Release|Any CPU
		{650F4B0A-BE99-495B-84B0-0999AFEC670D}.Debug|Any CPU.ActiveCfg = Debug|Any CPU
		{650F4B0A-BE99-495B-84B0-0999AFEC670D}.Debug|Any CPU.Build.0 = Debug|Any CPU
		{650F4B0A-BE99-495B-84B0-0999AFEC670D}.Release|Any CPU.ActiveCfg = Release|Any CPU
		{650F4B0A-BE99-495B-84B0-0999AFEC670D}.Release|Any CPU.Build.0 = Release|Any CPU
		{93F71A72-1D95-4D53-8EE0-5E35D94E0536}.Debug|Any CPU.ActiveCfg = Debug|Any CPU
		{93F71A72-1D95-4D53-8EE0-5E35D94E0536}.Debug|Any CPU.Build.0 = Debug|Any CPU
		{93F71A72-1D95-4D53-8EE0-5E35D94E0536}.Release|Any CPU.ActiveCfg = Release|Any CPU
		{93F71A72-1D95-4D53-8EE0-5E35D94E0536}.Release|Any CPU.Build.0 = Release|Any CPU
		{F9805D18-DD1B-4817-BBB0-5107873975F2}.Debug|Any CPU.ActiveCfg = Debug|Any CPU
		{F9805D18-DD1B-4817-BBB0-5107873975F2}.Debug|Any CPU.Build.0 = Debug|Any CPU
		{F9805D18-DD1B-4817-BBB0-5107873975F2}.Release|Any CPU.ActiveCfg = Release|Any CPU
		{F9805D18-DD1B-4817-BBB0-5107873975F2}.Release|Any CPU.Build.0 = Release|Any CPU
		{C2C68AC3-CB8F-4BA7-91EA-9A242851294D}.Debug|Any CPU.ActiveCfg = Debug|Any CPU
		{C2C68AC3-CB8F-4BA7-91EA-9A242851294D}.Debug|Any CPU.Build.0 = Debug|Any CPU
		{C2C68AC3-CB8F-4BA7-91EA-9A242851294D}.Release|Any CPU.ActiveCfg = Release|Any CPU
		{C2C68AC3-CB8F-4BA7-91EA-9A242851294D}.Release|Any CPU.Build.0 = Release|Any CPU
		{17B56A36-764F-4670-941A-B0CB76558F37}.Debug|Any CPU.ActiveCfg = Debug|Any CPU
		{17B56A36-764F-4670-941A-B0CB76558F37}.Debug|Any CPU.Build.0 = Debug|Any CPU
		{17B56A36-764F-4670-941A-B0CB76558F37}.Release|Any CPU.ActiveCfg = Release|Any CPU
		{17B56A36-764F-4670-941A-B0CB76558F37}.Release|Any CPU.Build.0 = Release|Any CPU
		{3557D31C-F7F1-4FC6-BB2F-4360CD50152A}.Debug|Any CPU.ActiveCfg = Debug|Any CPU
		{3557D31C-F7F1-4FC6-BB2F-4360CD50152A}.Debug|Any CPU.Build.0 = Debug|Any CPU
		{3557D31C-F7F1-4FC6-BB2F-4360CD50152A}.Release|Any CPU.ActiveCfg = Release|Any CPU
		{3557D31C-F7F1-4FC6-BB2F-4360CD50152A}.Release|Any CPU.Build.0 = Release|Any CPU
		{1E5DF2A3-2206-4534-A7A9-62223F9B674A}.Debug|Any CPU.ActiveCfg = Debug|Any CPU
		{1E5DF2A3-2206-4534-A7A9-62223F9B674A}.Debug|Any CPU.Build.0 = Debug|Any CPU
		{1E5DF2A3-2206-4534-A7A9-62223F9B674A}.Release|Any CPU.ActiveCfg = Release|Any CPU
		{1E5DF2A3-2206-4534-A7A9-62223F9B674A}.Release|Any CPU.Build.0 = Release|Any CPU
		{190FE08F-1D2E-4615-8555-F036D5E48587}.Debug|Any CPU.ActiveCfg = Debug|Any CPU
		{190FE08F-1D2E-4615-8555-F036D5E48587}.Debug|Any CPU.Build.0 = Debug|Any CPU
		{190FE08F-1D2E-4615-8555-F036D5E48587}.Release|Any CPU.ActiveCfg = Release|Any CPU
		{190FE08F-1D2E-4615-8555-F036D5E48587}.Release|Any CPU.Build.0 = Release|Any CPU
		{AECDBBFB-B520-4589-AB30-EDB96F5354F0}.Debug|Any CPU.ActiveCfg = Debug|Any CPU
		{AECDBBFB-B520-4589-AB30-EDB96F5354F0}.Debug|Any CPU.Build.0 = Debug|Any CPU
		{AECDBBFB-B520-4589-AB30-EDB96F5354F0}.Release|Any CPU.ActiveCfg = Release|Any CPU
		{AECDBBFB-B520-4589-AB30-EDB96F5354F0}.Release|Any CPU.Build.0 = Release|Any CPU
		{98B3AD67-6608-420F-A3A4-D1ABD9402905}.Debug|Any CPU.ActiveCfg = Debug|Any CPU
		{98B3AD67-6608-420F-A3A4-D1ABD9402905}.Debug|Any CPU.Build.0 = Debug|Any CPU
		{98B3AD67-6608-420F-A3A4-D1ABD9402905}.Release|Any CPU.ActiveCfg = Release|Any CPU
		{98B3AD67-6608-420F-A3A4-D1ABD9402905}.Release|Any CPU.Build.0 = Release|Any CPU
		{0C56DBC3-848C-42FD-B4F2-AB31863261F8}.Debug|Any CPU.ActiveCfg = Debug|Any CPU
		{0C56DBC3-848C-42FD-B4F2-AB31863261F8}.Debug|Any CPU.Build.0 = Debug|Any CPU
		{0C56DBC3-848C-42FD-B4F2-AB31863261F8}.Release|Any CPU.ActiveCfg = Release|Any CPU
		{0C56DBC3-848C-42FD-B4F2-AB31863261F8}.Release|Any CPU.Build.0 = Release|Any CPU
		{6BAA3E18-20B2-41D3-BCFC-FE13E9D5C2C1}.Debug|Any CPU.ActiveCfg = Debug|Any CPU
		{6BAA3E18-20B2-41D3-BCFC-FE13E9D5C2C1}.Debug|Any CPU.Build.0 = Debug|Any CPU
		{6BAA3E18-20B2-41D3-BCFC-FE13E9D5C2C1}.Release|Any CPU.ActiveCfg = Release|Any CPU
		{6BAA3E18-20B2-41D3-BCFC-FE13E9D5C2C1}.Release|Any CPU.Build.0 = Release|Any CPU
		{A59F4B61-4FD8-4B7B-92C5-9C06D608DAD2}.Debug|Any CPU.ActiveCfg = Debug|Any CPU
		{A59F4B61-4FD8-4B7B-92C5-9C06D608DAD2}.Debug|Any CPU.Build.0 = Debug|Any CPU
		{A59F4B61-4FD8-4B7B-92C5-9C06D608DAD2}.Release|Any CPU.ActiveCfg = Release|Any CPU
		{A59F4B61-4FD8-4B7B-92C5-9C06D608DAD2}.Release|Any CPU.Build.0 = Release|Any CPU
		{D9C3E165-10AB-4561-9D23-35DE4E91ADDB}.Debug|Any CPU.ActiveCfg = Debug|Any CPU
		{D9C3E165-10AB-4561-9D23-35DE4E91ADDB}.Debug|Any CPU.Build.0 = Debug|Any CPU
		{D9C3E165-10AB-4561-9D23-35DE4E91ADDB}.Release|Any CPU.ActiveCfg = Release|Any CPU
		{D9C3E165-10AB-4561-9D23-35DE4E91ADDB}.Release|Any CPU.Build.0 = Release|Any CPU
		{3D3A1302-C529-4D07-97A4-02C23560A547}.Debug|Any CPU.ActiveCfg = Debug|Any CPU
		{3D3A1302-C529-4D07-97A4-02C23560A547}.Debug|Any CPU.Build.0 = Debug|Any CPU
		{3D3A1302-C529-4D07-97A4-02C23560A547}.Release|Any CPU.ActiveCfg = Release|Any CPU
		{3D3A1302-C529-4D07-97A4-02C23560A547}.Release|Any CPU.Build.0 = Release|Any CPU
		{A59CF955-A07B-4EF1-A9B5-169E0CE750DA}.Debug|Any CPU.ActiveCfg = Debug|Any CPU
		{A59CF955-A07B-4EF1-A9B5-169E0CE750DA}.Debug|Any CPU.Build.0 = Debug|Any CPU
		{A59CF955-A07B-4EF1-A9B5-169E0CE750DA}.Release|Any CPU.ActiveCfg = Release|Any CPU
		{A59CF955-A07B-4EF1-A9B5-169E0CE750DA}.Release|Any CPU.Build.0 = Release|Any CPU
		{7B514B4E-A0BC-4DA9-B2A8-0B72515E8033}.Debug|Any CPU.ActiveCfg = Debug|Any CPU
		{7B514B4E-A0BC-4DA9-B2A8-0B72515E8033}.Debug|Any CPU.Build.0 = Debug|Any CPU
		{7B514B4E-A0BC-4DA9-B2A8-0B72515E8033}.Release|Any CPU.ActiveCfg = Release|Any CPU
		{7B514B4E-A0BC-4DA9-B2A8-0B72515E8033}.Release|Any CPU.Build.0 = Release|Any CPU
		{7C93707D-91B4-4F18-976D-D222F67FD59A}.Debug|Any CPU.ActiveCfg = Debug|Any CPU
		{7C93707D-91B4-4F18-976D-D222F67FD59A}.Debug|Any CPU.Build.0 = Debug|Any CPU
		{7C93707D-91B4-4F18-976D-D222F67FD59A}.Release|Any CPU.ActiveCfg = Release|Any CPU
		{7C93707D-91B4-4F18-976D-D222F67FD59A}.Release|Any CPU.Build.0 = Release|Any CPU
		{D7FABE27-7568-49B1-A81A-CDCE5708970F}.Debug|Any CPU.ActiveCfg = Debug|Any CPU
		{D7FABE27-7568-49B1-A81A-CDCE5708970F}.Debug|Any CPU.Build.0 = Debug|Any CPU
		{D7FABE27-7568-49B1-A81A-CDCE5708970F}.Release|Any CPU.ActiveCfg = Release|Any CPU
		{D7FABE27-7568-49B1-A81A-CDCE5708970F}.Release|Any CPU.Build.0 = Release|Any CPU
		{42F4CCEE-063C-482F-AEE7-5E8D34433C95}.Debug|Any CPU.ActiveCfg = Debug|Any CPU
		{42F4CCEE-063C-482F-AEE7-5E8D34433C95}.Debug|Any CPU.Build.0 = Debug|Any CPU
		{42F4CCEE-063C-482F-AEE7-5E8D34433C95}.Release|Any CPU.ActiveCfg = Release|Any CPU
		{42F4CCEE-063C-482F-AEE7-5E8D34433C95}.Release|Any CPU.Build.0 = Release|Any CPU
		{7E21E1CC-356E-41BB-ABDD-BD0F99710361}.Debug|Any CPU.ActiveCfg = Debug|Any CPU
		{7E21E1CC-356E-41BB-ABDD-BD0F99710361}.Debug|Any CPU.Build.0 = Debug|Any CPU
		{7E21E1CC-356E-41BB-ABDD-BD0F99710361}.Release|Any CPU.ActiveCfg = Release|Any CPU
		{7E21E1CC-356E-41BB-ABDD-BD0F99710361}.Release|Any CPU.Build.0 = Release|Any CPU
	EndGlobalSection
	GlobalSection(SolutionProperties) = preSolution
		HideSolutionNode = FALSE
	EndGlobalSection
	GlobalSection(ExtensibilityGlobals) = postSolution
		SolutionGuid = {D0F79985-4CB7-46CB-BEC2-FF89C476ED20}
	EndGlobalSection
EndGlobal
