
Microsoft Visual Studio Solution File, Format Version 12.00
# Visual Studio Version 16
VisualStudioVersion = 16.0.29509.3
MinimumVisualStudioVersion = 10.0.40219.1
Project("{FAE04EC0-301F-11D3-BF4B-00C04F79EFBC}") = "KK_CharaMakerLoadedSound", "KK_CharaMakerLoadedSound\KK_CharaMakerLoadedSound.csproj", "{6463C4B8-12CE-496B-8578-48D424F61400}"
EndProject
Project("{FAE04EC0-301F-11D3-BF4B-00C04F79EFBC}") = "KK_StudioSceneLoadedSound", "KK_StudioSceneLoadedSound\KK_StudioSceneLoadedSound.csproj", "{78D47E8D-B2F7-4D7C-8BE8-213E4394A1FA}"
EndProject
Project("{FAE04EC0-301F-11D3-BF4B-00C04F79EFBC}") = "KK_ForceHighPoly", "KK_ForceHighPoly\KK_ForceHighPoly.csproj", "{650F4B0A-BE99-495B-84B0-0999AFEC670D}"
EndProject
Project("{FAE04EC0-301F-11D3-BF4B-00C04F79EFBC}") = "KK_TestPlugin", "KK_TestPlugin\KK_TestPlugin.csproj", "{F9805D18-DD1B-4817-BBB0-5107873975F2}"
EndProject
Project("{FAE04EC0-301F-11D3-BF4B-00C04F79EFBC}") = "KK_ReloadCharaListOnChange", "KK_ReloadCharaListOnChange\KK_ReloadCharaListOnChange.csproj", "{C2C68AC3-CB8F-4BA7-91EA-9A242851294D}"
EndProject
Project("{FAE04EC0-301F-11D3-BF4B-00C04F79EFBC}") = "KK_InvisibleBody", "KK_InvisibleBody\KK_InvisibleBody.csproj", "{17B56A36-764F-4670-941A-B0CB76558F37}"
EndProject
Project("{FAE04EC0-301F-11D3-BF4B-00C04F79EFBC}") = "KK_InputHotkeyBlock", "KK_InputHotkeyBlock\KK_InputHotkeyBlock.csproj", "{3557D31C-F7F1-4FC6-BB2F-4360CD50152A}"
EndProject
Project("{FAE04EC0-301F-11D3-BF4B-00C04F79EFBC}") = "KK_UncensorSelector", "KK_UncensorSelector\KK_UncensorSelector.csproj", "{190FE08F-1D2E-4615-8555-F036D5E48587}"
EndProject
Project("{FAE04EC0-301F-11D3-BF4B-00C04F79EFBC}") = "KK_Subtitles", "KK_Subtitles\KK_Subtitles.csproj", "{AECDBBFB-B520-4589-AB30-EDB96F5354F0}"
EndProject
Project("{FAE04EC0-301F-11D3-BF4B-00C04F79EFBC}") = "KK_TextDump", "KK_TextDump\KK_TextDump.csproj", "{98B3AD67-6608-420F-A3A4-D1ABD9402905}"
EndProject
Project("{FAE04EC0-301F-11D3-BF4B-00C04F79EFBC}") = "KK_TranslationSync", "KK_TranslationSync\KK_TranslationSync.csproj", "{0C56DBC3-848C-42FD-B4F2-AB31863261F8}"
EndProject
Project("{FAE04EC0-301F-11D3-BF4B-00C04F79EFBC}") = "KK_AnimationController", "KK_AnimationController\KK_AnimationController.csproj", "{6BAA3E18-20B2-41D3-BCFC-FE13E9D5C2C1}"
EndProject
Project("{FAE04EC0-301F-11D3-BF4B-00C04F79EFBC}") = "KK_ClothingUnlocker", "KK_ClothingUnlocker\KK_ClothingUnlocker.csproj", "{F0772D38-CABB-4E99-9C5A-336F5DA499CB}"
EndProject
Project("{FAE04EC0-301F-11D3-BF4B-00C04F79EFBC}") = "KK_HairAccessoryCustomizer", "KK_HairAccessoryCustomizer\KK_HairAccessoryCustomizer.csproj", "{D9C3E165-10AB-4561-9D23-35DE4E91ADDB}"
EndProject
Project("{FAE04EC0-301F-11D3-BF4B-00C04F79EFBC}") = "KK_Colliders", "KK_Colliders\KK_Colliders.csproj", "{3D3A1302-C529-4D07-97A4-02C23560A547}"
EndProject
Project("{FAE04EC0-301F-11D3-BF4B-00C04F79EFBC}") = "KK_FreeHRandom", "KK_FreeHRandom\KK_FreeHRandom.csproj", "{A59CF955-A07B-4EF1-A9B5-169E0CE750DA}"
EndProject
Project("{FAE04EC0-301F-11D3-BF4B-00C04F79EFBC}") = "KK_EyeShaking", "KK_EyeShaking\KK_EyeShaking.csproj", "{7B514B4E-A0BC-4DA9-B2A8-0B72515E8033}"
EndProject
Project("{FAE04EC0-301F-11D3-BF4B-00C04F79EFBC}") = "KK_AnimationOverdrive", "KK_ANIMATIONOVERDRIVE\KK_AnimationOverdrive.csproj", "{D7FABE27-7568-49B1-A81A-CDCE5708970F}"
EndProject
Project("{FAE04EC0-301F-11D3-BF4B-00C04F79EFBC}") = "KK_HCharaAdjustment", "KK_HCharaAdjustment\KK_HCharaAdjustment.csproj", "{42F4CCEE-063C-482F-AEE7-5E8D34433C95}"
EndProject
Project("{FAE04EC0-301F-11D3-BF4B-00C04F79EFBC}") = "KK_RandomCharacterGenerator", "KK_RandomCharacterGenerator\KK_RandomCharacterGenerator.csproj", "{7E21E1CC-356E-41BB-ABDD-BD0F99710361}"
EndProject
Project("{FAE04EC0-301F-11D3-BF4B-00C04F79EFBC}") = "KK_PoseFolders", "KK_PoseFolders\KK_PoseFolders.csproj", "{4F27E216-A311-469C-891A-8E57F330A68F}"
EndProject
Project("{FAE04EC0-301F-11D3-BF4B-00C04F79EFBC}") = "KK_ListOverride", "KK_ListOverride\KK_ListOverride.csproj", "{F609A9F5-E889-4729-9982-5E08FEBBF53E}"
EndProject
Project("{FAE04EC0-301F-11D3-BF4B-00C04F79EFBC}") = "EC_HairAccessoryCustomizer", "EC_HairAccessoryCustomizer\EC_HairAccessoryCustomizer.csproj", "{89FE73CD-0973-4E53-A29A-634C5926D7A1}"
EndProject
Project("{2150E333-8FDC-42A3-9474-1A3956D46DE8}") = "HairAccessoryCustomizer", "HairAccessoryCustomizer", "{6249F14A-AEBF-4683-AC7E-64458FC9F6D5}"
EndProject
Project("{D954291E-2A0B-460D-934E-DC6B0785DB48}") = "Core_HairAccessoryCustomizer", "Core_HairAccessoryCustomizer\Core_HairAccessoryCustomizer.shproj", "{C71A1776-100B-49C9-A944-ED54C4312591}"
EndProject
Project("{FAE04EC0-301F-11D3-BF4B-00C04F79EFBC}") = "EC_Demosaic", "EC_Demosaic\EC_Demosaic.csproj", "{46FCD429-D43B-4E0C-879D-46760202C288}"
EndProject
Project("{2150E333-8FDC-42A3-9474-1A3956D46DE8}") = "InvisibleBody", "InvisibleBody", "{CE8EA04B-6351-40C4-97AB-24CAE7020DCB}"
EndProject
Project("{D954291E-2A0B-460D-934E-DC6B0785DB48}") = "Core_InvisibleBody", "Core_InvisibleBody\Core_InvisibleBody.shproj", "{C15B8820-0E24-452B-B076-1A052DD7C0FB}"
EndProject
Project("{FAE04EC0-301F-11D3-BF4B-00C04F79EFBC}") = "EC_InvisibleBody", "EC_InvisibleBody\EC_InvisibleBody.csproj", "{6B1C1B2B-C74E-4C53-B019-5DFBA3BA3F75}"
EndProject
Project("{2150E333-8FDC-42A3-9474-1A3956D46DE8}") = "UncensorSelector", "UncensorSelector", "{74A0EB97-BF27-453D-B01D-DC0CDC60BC19}"
EndProject
Project("{D954291E-2A0B-460D-934E-DC6B0785DB48}") = "Core_UncensorSelector", "Core_UncensorSelector\Core_UncensorSelector.shproj", "{EA82BB52-404C-416A-9BF8-A36A90F6DA93}"
EndProject
Project("{FAE04EC0-301F-11D3-BF4B-00C04F79EFBC}") = "EC_UncensorSelector", "EC_UncensorSelector\EC_UncensorSelector.csproj", "{587A82DD-6BC1-481A-B979-5CA6D247CF69}"
EndProject
Project("{D954291E-2A0B-460D-934E-DC6B0785DB48}") = "Core_ClothingUnlocker", "Core_ClothingUnlocker\Core_ClothingUnlocker.shproj", "{0F7181C7-8D52-4576-9BFF-D4B7D08F42A2}"
EndProject
Project("{FAE04EC0-301F-11D3-BF4B-00C04F79EFBC}") = "EC_ClothingUnlocker", "EC_ClothingUnlocker\EC_ClothingUnlocker.csproj", "{AAE2BDC4-4CAB-4677-8F02-3290B6061097}"
EndProject
Project("{2150E333-8FDC-42A3-9474-1A3956D46DE8}") = "ClothingUnlocker", "ClothingUnlocker", "{DC6F7D25-B687-42EF-93E7-0A241E3FD905}"
EndProject
Project("{D954291E-2A0B-460D-934E-DC6B0785DB48}") = "UIUtility", "UIUtility\UIUtility.shproj", "{E6EF7A17-9328-4821-AF19-BC2C175BF4DD}"
EndProject
Project("{FAE04EC0-301F-11D3-BF4B-00C04F79EFBC}") = "KK_MaterialEditor", "KK_MaterialEditor\KK_MaterialEditor.csproj", "{B743E048-5913-4DEC-9067-8AFD1293A211}"
EndProject
Project("{D954291E-2A0B-460D-934E-DC6B0785DB48}") = "Shared", "CommonCode\Shared.shproj", "{841FFFF7-1940-4B7B-B21F-83E2F16333D4}"
EndProject
Project("{FAE04EC0-301F-11D3-BF4B-00C04F79EFBC}") = "KK_MaleJuice", "KK_MaleJuice\KK_MaleJuice.csproj", "{8A811717-0CD1-4541-BD67-A0210586E4D0}"
EndProject
Project("{FAE04EC0-301F-11D3-BF4B-00C04F79EFBC}") = "KK_FKIK", "KK_FKIK\KK_FKIK.csproj", "{90D733A9-3148-428D-AD87-E633A2A3A28B}"
EndProject
Project("{FAE04EC0-301F-11D3-BF4B-00C04F79EFBC}") = "KK_StudioObjectMoveHotkeys", "KK_StudioObjectMoveHotkeys\KK_StudioObjectMoveHotkeys.csproj", "{BAA2D7C3-88F1-440D-A620-E0E4BC3ACCEC}"
EndProject
Project("{FAE04EC0-301F-11D3-BF4B-00C04F79EFBC}") = "HS_Subtitles", "HS_Subtitles\HS_Subtitles.csproj", "{F28FC29B-5CD1-4AEA-9E93-03BC9BE51360}"
EndProject
Project("{2150E333-8FDC-42A3-9474-1A3956D46DE8}") = "Subtitles", "Subtitles", "{A17C16DF-D157-4751-94E7-686FD22E1DAC}"
EndProject
Project("{D954291E-2A0B-460D-934E-DC6B0785DB48}") = "Core_Subtitles", "Core_Subtitles\Core_Subtitles.shproj", "{9B492E05-5822-4BB0-BE28-A468D1F318AB}"
EndProject
Project("{2150E333-8FDC-42A3-9474-1A3956D46DE8}") = "TextDump", "TextDump", "{C09C475A-6755-4E09-8D60-36B8FA2ADE63}"
EndProject
Project("{FAE04EC0-301F-11D3-BF4B-00C04F79EFBC}") = "HS_TextDump", "HS_TextDump\HS_TextDump.csproj", "{4D019B66-3042-4ABB-81A1-FC72D61844E5}"
EndProject
Project("{FAE04EC0-301F-11D3-BF4B-00C04F79EFBC}") = "KK_TextResourceRedirector", "KK_TextResourceRedirector\KK_TextResourceRedirector.csproj", "{49ADD937-3C6A-427C-910F-98A3AD1FCCF9}"
EndProject
Project("{2150E333-8FDC-42A3-9474-1A3956D46DE8}") = "TextResourceRedirector", "TextResourceRedirector", "{57C76B28-11D8-4B59-AED0-AA3935FD7F93}"
EndProject
Project("{FAE04EC0-301F-11D3-BF4B-00C04F79EFBC}") = "HS_TextResourceRedirector", "HS_TextResourceRedirector\HS_TextResourceRedirector.csproj", "{E0B39DBA-571C-4B01-8479-63B59AA86B88}"
EndProject
Project("{D954291E-2A0B-460D-934E-DC6B0785DB48}") = "Core_TextResourceRedirector", "Core_TextResourceRedirector\Core_TextResourceRedirector.shproj", "{DCFDE35B-C56B-48AA-8244-248EF1C805C3}"
EndProject
Project("{2150E333-8FDC-42A3-9474-1A3956D46DE8}") = "MaterialEditor", "MaterialEditor", "{2D958E84-D5C4-4F57-A430-BA0CB5F3DF13}"
EndProject
Project("{D954291E-2A0B-460D-934E-DC6B0785DB48}") = "Core_MaterialEditor", "Core_MaterialEditor\Core_MaterialEditor.shproj", "{5A8FDB27-FFCA-4A77-AB0F-AFDEF9A034ED}"
EndProject
Project("{FAE04EC0-301F-11D3-BF4B-00C04F79EFBC}") = "EC_MaterialEditor", "EC_MaterialEditor\EC_MaterialEditor.csproj", "{25E45F23-4D1D-4CD0-B0BC-653C8AE1C561}"
EndProject
Project("{FAE04EC0-301F-11D3-BF4B-00C04F79EFBC}") = "AI_Subtitles", "AI_Subtitles\AI_Subtitles.csproj", "{CAD079E9-566D-4933-8390-10476A337347}"
EndProject
Project("{FAE04EC0-301F-11D3-BF4B-00C04F79EFBC}") = "AI_Demosaic", "AI_Demosaic\AI_Demosaic.csproj", "{93A50359-A48F-4A3F-BDB8-86D2A320A99E}"
EndProject
Project("{2150E333-8FDC-42A3-9474-1A3956D46DE8}") = "Demosaic", "Demosaic", "{2C7A7F55-0590-4BB9-AF5A-7AB3F02BF319}"
EndProject
Project("{D954291E-2A0B-460D-934E-DC6B0785DB48}") = "Core_Demosaic", "Core_Demosaic\Core_Demosaic.shproj", "{CB53DB90-AC91-4DBC-95A5-2729F177D3F7}"
EndProject
Project("{FAE04EC0-301F-11D3-BF4B-00C04F79EFBC}") = "KK_Demosaic", "KK_Demosaic\KK_Demosaic.csproj", "{DFF56DBE-9617-48E7-9DAB-213890DBEE6A}"
EndProject
Project("{FAE04EC0-301F-11D3-BF4B-00C04F79EFBC}") = "AI_MaterialEditor", "AI_MaterialEditor\AI_MaterialEditor.csproj", "{36247DAB-4F43-4007-9856-03971A475D8F}"
EndProject
Project("{FAE04EC0-301F-11D3-BF4B-00C04F79EFBC}") = "AI_TextResourceRedirector", "AI_TextResourceRedirector\AI_TextResourceRedirector.csproj", "{B697727B-9F9C-44B0-BAA4-DE9CBF184EA5}"
EndProject
Project("{2150E333-8FDC-42A3-9474-1A3956D46DE8}") = "InputHotkeyBlock", "InputHotkeyBlock", "{06544F1F-7504-40FB-B614-B8B50B6D790D}"
EndProject
Project("{D954291E-2A0B-460D-934E-DC6B0785DB48}") = "Core_InputHotkeyBlock", "Core_InputHotkeyBlock\Core_InputHotkeyBlock.shproj", "{8E430F6C-8222-4F1B-950F-4D5595DDF7F7}"
EndProject
Project("{FAE04EC0-301F-11D3-BF4B-00C04F79EFBC}") = "AI_InputHotkeyBlock", "AI_InputHotkeyBlock\AI_InputHotkeyBlock.csproj", "{BC2D1E37-D3C2-4225-8CE4-2E116E84E365}"
EndProject
Project("{FAE04EC0-301F-11D3-BF4B-00C04F79EFBC}") = "EC_InputHotkeyBlock", "EC_InputHotkeyBlock\EC_InputHotkeyBlock.csproj", "{6BC022E8-B0BF-4A6A-8A0D-D3CE0A9D8E5A}"
EndProject
Project("{FAE04EC0-301F-11D3-BF4B-00C04F79EFBC}") = "AI_UncensorSelector", "AI_UncensorSelector\AI_UncensorSelector.csproj", "{F89251CB-3FB1-439E-84D4-3CF9310FECAC}"
EndProject
Project("{FAE04EC0-301F-11D3-BF4B-00C04F79EFBC}") = "AI_TextDump", "AI_TextDump\AI_TextDump.csproj", "{4026BB4C-6A7D-41B7-AEBD-6044C9326523}"
EndProject
Project("{FAE04EC0-301F-11D3-BF4B-00C04F79EFBC}") = "AI_InvisibleBody", "AI_InvisibleBody\AI_InvisibleBody.csproj", "{B43D16F2-1542-423F-BA3C-C6ABC82C4281}"
EndProject
Project("{D954291E-2A0B-460D-934E-DC6B0785DB48}") = "Core_InvisibleBody_Studio", "Core_InvisibleBody_Studio\Core_InvisibleBody_Studio.shproj", "{81DE7D3B-A8A0-43C2-AC9D-F65AC528B997}"
EndProject
Project("{2150E333-8FDC-42A3-9474-1A3956D46DE8}") = "PoseFolders", "PoseFolders", "{6F0DF0B5-3EC0-40D1-8874-6960D8377E6D}"
EndProject
Project("{FAE04EC0-301F-11D3-BF4B-00C04F79EFBC}") = "AI_PoseFolders", "AI_PoseFolders\AI_PoseFolders.csproj", "{7162D8CC-6EFC-411A-87B3-656BADA98468}"
EndProject
Project("{D954291E-2A0B-460D-934E-DC6B0785DB48}") = "Core_PoseFolders", "Core_PoseFolders\Core_PoseFolders.shproj", "{FDA2A8D5-C989-4A94-9A61-E6B60746D4B8}"
EndProject
Project("{D954291E-2A0B-460D-934E-DC6B0785DB48}") = "Core_TextDump", "Core_TextDump\Core_TextDump.shproj", "{DDA0A733-3E5D-4F70-A91C-DC4FBF88E410}"
EndProject
Project("{D954291E-2A0B-460D-934E-DC6B0785DB48}") = "Core_MaterialEditor_Studio", "Core_MaterialEditor_Studio\Core_MaterialEditor_Studio.shproj", "{CAB936A6-622D-4498-BB82-A6CAB53541E4}"
EndProject
Project("{D954291E-2A0B-460D-934E-DC6B0785DB48}") = "Core_UncensorSelector_Studio", "Core_UncensorSelector_Studio\Core_UncensorSelector_Studio.shproj", "{A5E0B487-CF0F-41D1-BBC8-A4B72CA62564}"
EndProject
Project("{2150E333-8FDC-42A3-9474-1A3956D46DE8}") = "StudioObjectMoveHotkeys", "StudioObjectMoveHotkeys", "{5890839F-EACD-4DE3-89CB-A75CFC94BA85}"
EndProject
Project("{D954291E-2A0B-460D-934E-DC6B0785DB48}") = "Core_StudioObjectMoveHotkeys", "Core_StudioObjectMoveHotkeys\Core_StudioObjectMoveHotkeys.shproj", "{25352133-33B7-41E0-867A-D07C613AC3E9}"
EndProject
Project("{FAE04EC0-301F-11D3-BF4B-00C04F79EFBC}") = "AI_StudioObjectMoveHotkeys", "AI_StudioObjectMoveHotkeys\AI_StudioObjectMoveHotkeys.csproj", "{F1103E35-DBB1-4431-A8F6-8208CC0C65BD}"
EndProject
Project("{2150E333-8FDC-42A3-9474-1A3956D46DE8}") = "FKIK", "FKIK", "{781E2AFE-9DB0-4403-83A5-F0F327EDB9FB}"
EndProject
Project("{D954291E-2A0B-460D-934E-DC6B0785DB48}") = "Core_FKIK", "Core_FKIK\Core_FKIK.shproj", "{81D88C3E-4094-436C-8EED-BA18A81A96A4}"
EndProject
Project("{FAE04EC0-301F-11D3-BF4B-00C04F79EFBC}") = "AI_FKIK", "AI_FKIK\AI_FKIK.csproj", "{144F9206-641B-40C1-8464-BC035B255DD4}"
EndProject
Project("{2150E333-8FDC-42A3-9474-1A3956D46DE8}") = "Colliders", "Colliders", "{39BE0BD8-0A15-4BDC-AF84-34206D210891}"
EndProject
Project("{D954291E-2A0B-460D-934E-DC6B0785DB48}") = "Core_Colliders", "Core_Colliders\Core_Colliders.shproj", "{C6216940-6935-4AF3-B542-760D01B086CD}"
EndProject
Project("{FAE04EC0-301F-11D3-BF4B-00C04F79EFBC}") = "AI_Colliders", "AI_Colliders\AI_Colliders.csproj", "{83D27765-5C0A-4909-B4DC-FB6B20ECE642}"
EndProject
Project("{2150E333-8FDC-42A3-9474-1A3956D46DE8}") = "AnimationController", "AnimationController", "{877CDF4C-3018-40BD-BDBB-4B6039FB42CB}"
EndProject
Project("{D954291E-2A0B-460D-934E-DC6B0785DB48}") = "Core_AnimationController", "Core_AnimationController\Core_AnimationController.shproj", "{0A702757-CE40-48FE-BED1-00BE3B717417}"
EndProject
Project("{FAE04EC0-301F-11D3-BF4B-00C04F79EFBC}") = "AI_AnimationController", "AI_AnimationController\AI_AnimationController.csproj", "{BCF83F6E-CBE1-438E-96CA-A832B42519E6}"
EndProject
Project("{2150E333-8FDC-42A3-9474-1A3956D46DE8}") = "AnimationOverdrive", "AnimationOverdrive", "{E209182D-50F5-4081-89DF-1CF337A5AD64}"
EndProject
Project("{D954291E-2A0B-460D-934E-DC6B0785DB48}") = "Core_AnimationOverdrive", "Core_AnimationOverdrive\Core_AnimationOverdrive.shproj", "{93BDA08C-F6D2-44BB-B872-BA0F0A16D46B}"
EndProject
Project("{FAE04EC0-301F-11D3-BF4B-00C04F79EFBC}") = "AI_AnimationOverdrive", "AI_AnimationOverdrive\AI_AnimationOverdrive.csproj", "{F32BA203-579F-413B-8F31-13AD03F5E6D5}"
EndProject
Project("{2150E333-8FDC-42A3-9474-1A3956D46DE8}") = "TextResourceHelper", "TextResourceHelper", "{BBFC4A4F-16DE-4182-8BE1-D364D0F165A2}"
EndProject
Project("{D954291E-2A0B-460D-934E-DC6B0785DB48}") = "Core_TextResourceHelper", "Core_TextResourceHelper\Core_TextResourceHelper.shproj", "{94670AF2-2A1F-49AF-A66F-03FA381A9F02}"
EndProject
Project("{D954291E-2A0B-460D-934E-DC6B0785DB48}") = "AI_TextResourceHelper", "AI_TextResourceHelper\AI_TextResourceHelper.shproj", "{6F1B1AE0-204D-4CB4-A290-A06A3DD56377}"
EndProject
Project("{D954291E-2A0B-460D-934E-DC6B0785DB48}") = "KK_TextResourceHelper", "KK_TextResourceHelper\KK_TextResourceHelper.shproj", "{50BA3BAF-50D9-4E53-BF4A-2B804CE0E19B}"
EndProject
Project("{2150E333-8FDC-42A3-9474-1A3956D46DE8}") = "StudioSceneLoadedSound", "StudioSceneLoadedSound", "{92DF1BEE-7CB1-449B-873A-21988E061EFB}"
EndProject
Project("{D954291E-2A0B-460D-934E-DC6B0785DB48}") = "Core_StudioSceneLoadedSound", "Core_StudioSceneLoadedSound\Core_StudioSceneLoadedSound.shproj", "{46C0C1ED-0307-4D93-97D5-D71A8D682EEA}"
EndProject
Project("{FAE04EC0-301F-11D3-BF4B-00C04F79EFBC}") = "AI_StudioSceneLoadedSound", "AI_StudioSceneLoadedSound\AI_StudioSceneLoadedSound.csproj", "{CEE04077-20C2-4AAE-9E45-930695AB03E8}"
EndProject
Project("{2150E333-8FDC-42A3-9474-1A3956D46DE8}") = "CharacterExport", "CharacterExport", "{6D137D85-8775-4AAD-AE6D-7EDC762D7075}"
EndProject
Project("{FAE04EC0-301F-11D3-BF4B-00C04F79EFBC}") = "KK_CharacterExport", "KK_CharacterExport\KK_CharacterExport.csproj", "{8BDAD525-960E-4E93-9333-F782985C4F99}"
EndProject
Project("{D954291E-2A0B-460D-934E-DC6B0785DB48}") = "Core_CharacterExport", "Core_CharacterExport\Core_CharacterExport.shproj", "{C88FBFE5-655F-4746-987C-E2826759F883}"
EndProject
Project("{FAE04EC0-301F-11D3-BF4B-00C04F79EFBC}") = "AI_CharacterExport", "AI_CharacterExport\AI_CharacterExport.csproj", "{5FEA4668-1430-413B-B744-8951A4C07745}"
EndProject
Project("{FAE04EC0-301F-11D3-BF4B-00C04F79EFBC}") = "EC_CharacterExport", "EC_CharacterExport\EC_CharacterExport.csproj", "{74C4A9B4-93DB-49DE-ADA1-84C9586D62D1}"
EndProject
Project("{FAE04EC0-301F-11D3-BF4B-00C04F79EFBC}") = "KK_Pushup", "KK_Pushup\KK_Pushup.csproj", "{770F33BC-7C92-4059-A4AF-9A958CEE6BDE}"
EndProject
Global
	GlobalSection(SharedMSBuildProjectFiles) = preSolution
		Core_AnimationController\Core_AnimationController.projitems*{0a702757-ce40-48fe-bed1-00be3b717417}*SharedItemsImports = 13
		CommonCode\CommonCode.projitems*{0c56dbc3-848c-42fd-b4f2-ab31863261f8}*SharedItemsImports = 4
		Core_ClothingUnlocker\Core_ClothingUnlocker.projitems*{0f7181c7-8d52-4576-9bff-d4b7d08f42a2}*SharedItemsImports = 13
		CommonCode\CommonCode.projitems*{144f9206-641b-40c1-8464-bc035b255dd4}*SharedItemsImports = 4
		Core_FKIK\Core_FKIK.projitems*{144f9206-641b-40c1-8464-bc035b255dd4}*SharedItemsImports = 4
		CommonCode\CommonCode.projitems*{17b56a36-764f-4670-941a-b0cb76558f37}*SharedItemsImports = 4
		Core_InvisibleBody\Core_InvisibleBody.projitems*{17b56a36-764f-4670-941a-b0cb76558f37}*SharedItemsImports = 4
		Core_InvisibleBody_Studio\Core_InvisibleBody_Studio.projitems*{17b56a36-764f-4670-941a-b0cb76558f37}*SharedItemsImports = 4
		CommonCode\CommonCode.projitems*{190fe08f-1d2e-4615-8555-f036d5e48587}*SharedItemsImports = 4
		Core_UncensorSelector\Core_UncensorSelector.projitems*{190fe08f-1d2e-4615-8555-f036d5e48587}*SharedItemsImports = 4
		Core_UncensorSelector_Studio\Core_UncensorSelector_Studio.projitems*{190fe08f-1d2e-4615-8555-f036d5e48587}*SharedItemsImports = 4
		Core_StudioObjectMoveHotkeys\Core_StudioObjectMoveHotkeys.projitems*{25352133-33b7-41e0-867a-d07c613ac3e9}*SharedItemsImports = 13
		CommonCode\CommonCode.projitems*{25e45f23-4d1d-4cd0-b0bc-653c8ae1c561}*SharedItemsImports = 4
		Core_MaterialEditor\Core_MaterialEditor.projitems*{25e45f23-4d1d-4cd0-b0bc-653c8ae1c561}*SharedItemsImports = 4
		UIUtility\UIUtility.projitems*{25e45f23-4d1d-4cd0-b0bc-653c8ae1c561}*SharedItemsImports = 4
		CommonCode\CommonCode.projitems*{3557d31c-f7f1-4fc6-bb2f-4360cd50152a}*SharedItemsImports = 4
		Core_InputHotkeyBlock\Core_InputHotkeyBlock.projitems*{3557d31c-f7f1-4fc6-bb2f-4360cd50152a}*SharedItemsImports = 4
		CommonCode\CommonCode.projitems*{36247dab-4f43-4007-9856-03971a475d8f}*SharedItemsImports = 4
		Core_MaterialEditor\Core_MaterialEditor.projitems*{36247dab-4f43-4007-9856-03971a475d8f}*SharedItemsImports = 4
		Core_MaterialEditor_Studio\Core_MaterialEditor_Studio.projitems*{36247dab-4f43-4007-9856-03971a475d8f}*SharedItemsImports = 4
		UIUtility\UIUtility.projitems*{36247dab-4f43-4007-9856-03971a475d8f}*SharedItemsImports = 4
		CommonCode\CommonCode.projitems*{3d3a1302-c529-4d07-97a4-02c23560a547}*SharedItemsImports = 4
		Core_Colliders\Core_Colliders.projitems*{3d3a1302-c529-4d07-97a4-02c23560a547}*SharedItemsImports = 4
		AI_TextResourceHelper\AI_TextResourceHelper.projitems*{4026bb4c-6a7d-41b7-aebd-6044c9326523}*SharedItemsImports = 4
		CommonCode\CommonCode.projitems*{4026bb4c-6a7d-41b7-aebd-6044c9326523}*SharedItemsImports = 4
		Core_TextDump\Core_TextDump.projitems*{4026bb4c-6a7d-41b7-aebd-6044c9326523}*SharedItemsImports = 4
		Core_TextResourceHelper\Core_TextResourceHelper.projitems*{4026bb4c-6a7d-41b7-aebd-6044c9326523}*SharedItemsImports = 4
		CommonCode\CommonCode.projitems*{42f4ccee-063c-482f-aee7-5e8d34433c95}*SharedItemsImports = 4
		Core_StudioSceneLoadedSound\Core_StudioSceneLoadedSound.projitems*{46c0c1ed-0307-4d93-97d5-d71a8d682eea}*SharedItemsImports = 13
		CommonCode\CommonCode.projitems*{46fcd429-d43b-4e0c-879d-46760202c288}*SharedItemsImports = 4
		Core_Demosaic\Core_Demosaic.projitems*{46fcd429-d43b-4e0c-879d-46760202c288}*SharedItemsImports = 4
		CommonCode\CommonCode.projitems*{49add937-3c6a-427c-910f-98a3ad1fccf9}*SharedItemsImports = 4
		Core_TextResourceHelper\Core_TextResourceHelper.projitems*{49add937-3c6a-427c-910f-98a3ad1fccf9}*SharedItemsImports = 4
		Core_TextResourceRedirector\Core_TextResourceRedirector.projitems*{49add937-3c6a-427c-910f-98a3ad1fccf9}*SharedItemsImports = 4
		KK_TextResourceHelper\KK_TextResourceHelper.projitems*{49add937-3c6a-427c-910f-98a3ad1fccf9}*SharedItemsImports = 4
		CommonCode\CommonCode.projitems*{4d019b66-3042-4abb-81a1-fc72d61844e5}*SharedItemsImports = 4
		CommonCode\CommonCode.projitems*{4f27e216-a311-469c-891a-8e57f330a68f}*SharedItemsImports = 4
		Core_PoseFolders\Core_PoseFolders.projitems*{4f27e216-a311-469c-891a-8e57f330a68f}*SharedItemsImports = 4
		KK_TextResourceHelper\KK_TextResourceHelper.projitems*{50ba3baf-50d9-4e53-bf4a-2b804ce0e19b}*SharedItemsImports = 13
		CommonCode\CommonCode.projitems*{587a82dd-6bc1-481a-b979-5ca6d247cf69}*SharedItemsImports = 4
		Core_UncensorSelector\Core_UncensorSelector.projitems*{587a82dd-6bc1-481a-b979-5ca6d247cf69}*SharedItemsImports = 4
		Core_MaterialEditor\Core_MaterialEditor.projitems*{5a8fdb27-ffca-4a77-ab0f-afdef9a034ed}*SharedItemsImports = 13
		CommonCode\CommonCode.projitems*{5fea4668-1430-413b-b744-8951a4c07745}*SharedItemsImports = 4
		Core_CharacterExport\Core_CharacterExport.projitems*{5fea4668-1430-413b-b744-8951a4c07745}*SharedItemsImports = 4
		CommonCode\CommonCode.projitems*{6463c4b8-12ce-496b-8578-48d424f61400}*SharedItemsImports = 4
		CommonCode\CommonCode.projitems*{650f4b0a-be99-495b-84b0-0999afec670d}*SharedItemsImports = 4
		CommonCode\CommonCode.projitems*{6b1c1b2b-c74e-4c53-b019-5dfba3ba3f75}*SharedItemsImports = 4
		Core_InvisibleBody\Core_InvisibleBody.projitems*{6b1c1b2b-c74e-4c53-b019-5dfba3ba3f75}*SharedItemsImports = 4
		CommonCode\CommonCode.projitems*{6baa3e18-20b2-41d3-bcfc-fe13e9d5c2c1}*SharedItemsImports = 4
		Core_AnimationController\Core_AnimationController.projitems*{6baa3e18-20b2-41d3-bcfc-fe13e9d5c2c1}*SharedItemsImports = 4
		CommonCode\CommonCode.projitems*{6bc022e8-b0bf-4a6a-8a0d-d3ce0a9d8e5a}*SharedItemsImports = 4
		Core_InputHotkeyBlock\Core_InputHotkeyBlock.projitems*{6bc022e8-b0bf-4a6a-8a0d-d3ce0a9d8e5a}*SharedItemsImports = 4
		AI_TextResourceHelper\AI_TextResourceHelper.projitems*{6f1b1ae0-204d-4cb4-a290-a06a3dd56377}*SharedItemsImports = 13
		CommonCode\CommonCode.projitems*{7162d8cc-6efc-411a-87b3-656bada98468}*SharedItemsImports = 4
		Core_PoseFolders\Core_PoseFolders.projitems*{7162d8cc-6efc-411a-87b3-656bada98468}*SharedItemsImports = 4
		CommonCode\CommonCode.projitems*{74c4a9b4-93db-49de-ada1-84c9586d62d1}*SharedItemsImports = 4
		Core_CharacterExport\Core_CharacterExport.projitems*{74c4a9b4-93db-49de-ada1-84c9586d62d1}*SharedItemsImports = 4
		CommonCode\CommonCode.projitems*{770f33bc-7c92-4059-a4af-9a958cee6bde}*SharedItemsImports = 4
		CommonCode\CommonCode.projitems*{78d47e8d-b2f7-4d7c-8be8-213e4394a1fa}*SharedItemsImports = 4
		Core_StudioSceneLoadedSound\Core_StudioSceneLoadedSound.projitems*{78d47e8d-b2f7-4d7c-8be8-213e4394a1fa}*SharedItemsImports = 4
		CommonCode\CommonCode.projitems*{7b514b4e-a0bc-4da9-b2a8-0b72515e8033}*SharedItemsImports = 4
		CommonCode\CommonCode.projitems*{7e21e1cc-356e-41bb-abdd-bd0f99710361}*SharedItemsImports = 4
		Core_FKIK\Core_FKIK.projitems*{81d88c3e-4094-436c-8eed-ba18a81a96a4}*SharedItemsImports = 13
		Core_InvisibleBody_Studio\Core_InvisibleBody_Studio.projitems*{81de7d3b-a8a0-43c2-ac9d-f65ac528b997}*SharedItemsImports = 13
		CommonCode\CommonCode.projitems*{83d27765-5c0a-4909-b4dc-fb6b20ece642}*SharedItemsImports = 4
		Core_Colliders\Core_Colliders.projitems*{83d27765-5c0a-4909-b4dc-fb6b20ece642}*SharedItemsImports = 4
		CommonCode\CommonCode.projitems*{841ffff7-1940-4b7b-b21f-83e2f16333d4}*SharedItemsImports = 13
		CommonCode\CommonCode.projitems*{89fe73cd-0973-4e53-a29a-634c5926d7a1}*SharedItemsImports = 4
		Core_HairAccessoryCustomizer\Core_HairAccessoryCustomizer.projitems*{89fe73cd-0973-4e53-a29a-634c5926d7a1}*SharedItemsImports = 4
		CommonCode\CommonCode.projitems*{8a811717-0cd1-4541-bd67-a0210586e4d0}*SharedItemsImports = 4
		CommonCode\CommonCode.projitems*{8bdad525-960e-4e93-9333-f782985c4f99}*SharedItemsImports = 4
		Core_CharacterExport\Core_CharacterExport.projitems*{8bdad525-960e-4e93-9333-f782985c4f99}*SharedItemsImports = 4
		Core_InputHotkeyBlock\Core_InputHotkeyBlock.projitems*{8e430f6c-8222-4f1b-950f-4d5595ddf7f7}*SharedItemsImports = 13
		CommonCode\CommonCode.projitems*{90d733a9-3148-428d-ad87-e633a2a3a28b}*SharedItemsImports = 4
		Core_FKIK\Core_FKIK.projitems*{90d733a9-3148-428d-ad87-e633a2a3a28b}*SharedItemsImports = 4
		CommonCode\CommonCode.projitems*{93a50359-a48f-4a3f-bdb8-86d2a320a99e}*SharedItemsImports = 4
		Core_Demosaic\Core_Demosaic.projitems*{93a50359-a48f-4a3f-bdb8-86d2a320a99e}*SharedItemsImports = 4
		Core_AnimationOverdrive\Core_AnimationOverdrive.projitems*{93bda08c-f6d2-44bb-b872-ba0f0a16d46b}*SharedItemsImports = 13
		Core_TextResourceHelper\Core_TextResourceHelper.projitems*{94670af2-2a1f-49af-a66f-03fa381a9f02}*SharedItemsImports = 13
		CommonCode\CommonCode.projitems*{98b3ad67-6608-420f-a3a4-d1abd9402905}*SharedItemsImports = 4
		Core_TextDump\Core_TextDump.projitems*{98b3ad67-6608-420f-a3a4-d1abd9402905}*SharedItemsImports = 4
		Core_TextResourceHelper\Core_TextResourceHelper.projitems*{98b3ad67-6608-420f-a3a4-d1abd9402905}*SharedItemsImports = 4
		KK_TextResourceHelper\KK_TextResourceHelper.projitems*{98b3ad67-6608-420f-a3a4-d1abd9402905}*SharedItemsImports = 4
		Core_Subtitles\Core_Subtitles.projitems*{9b492e05-5822-4bb0-be28-a468d1f318ab}*SharedItemsImports = 13
		CommonCode\CommonCode.projitems*{a59cf955-a07b-4ef1-a9b5-169e0ce750da}*SharedItemsImports = 4
		UIUtility\UIUtility.projitems*{a59cf955-a07b-4ef1-a9b5-169e0ce750da}*SharedItemsImports = 4
		Core_UncensorSelector_Studio\Core_UncensorSelector_Studio.projitems*{a5e0b487-cf0f-41d1-bbc8-a4b72ca62564}*SharedItemsImports = 13
		CommonCode\CommonCode.projitems*{aae2bdc4-4cab-4677-8f02-3290b6061097}*SharedItemsImports = 4
		Core_ClothingUnlocker\Core_ClothingUnlocker.projitems*{aae2bdc4-4cab-4677-8f02-3290b6061097}*SharedItemsImports = 4
		CommonCode\CommonCode.projitems*{aecdbbfb-b520-4589-ab30-edb96f5354f0}*SharedItemsImports = 4
		Core_Subtitles\Core_Subtitles.projitems*{aecdbbfb-b520-4589-ab30-edb96f5354f0}*SharedItemsImports = 4
		CommonCode\CommonCode.projitems*{b43d16f2-1542-423f-ba3c-c6abc82c4281}*SharedItemsImports = 4
		Core_InvisibleBody\Core_InvisibleBody.projitems*{b43d16f2-1542-423f-ba3c-c6abc82c4281}*SharedItemsImports = 4
		Core_InvisibleBody_Studio\Core_InvisibleBody_Studio.projitems*{b43d16f2-1542-423f-ba3c-c6abc82c4281}*SharedItemsImports = 4
		AI_TextResourceHelper\AI_TextResourceHelper.projitems*{b697727b-9f9c-44b0-baa4-de9cbf184ea5}*SharedItemsImports = 4
		CommonCode\CommonCode.projitems*{b697727b-9f9c-44b0-baa4-de9cbf184ea5}*SharedItemsImports = 4
		Core_TextResourceHelper\Core_TextResourceHelper.projitems*{b697727b-9f9c-44b0-baa4-de9cbf184ea5}*SharedItemsImports = 4
		Core_TextResourceRedirector\Core_TextResourceRedirector.projitems*{b697727b-9f9c-44b0-baa4-de9cbf184ea5}*SharedItemsImports = 4
		CommonCode\CommonCode.projitems*{b743e048-5913-4dec-9067-8afd1293a211}*SharedItemsImports = 4
		Core_MaterialEditor\Core_MaterialEditor.projitems*{b743e048-5913-4dec-9067-8afd1293a211}*SharedItemsImports = 4
		Core_MaterialEditor_Studio\Core_MaterialEditor_Studio.projitems*{b743e048-5913-4dec-9067-8afd1293a211}*SharedItemsImports = 4
		UIUtility\UIUtility.projitems*{b743e048-5913-4dec-9067-8afd1293a211}*SharedItemsImports = 4
		CommonCode\CommonCode.projitems*{baa2d7c3-88f1-440d-a620-e0e4bc3accec}*SharedItemsImports = 4
		Core_StudioObjectMoveHotkeys\Core_StudioObjectMoveHotkeys.projitems*{baa2d7c3-88f1-440d-a620-e0e4bc3accec}*SharedItemsImports = 4
		CommonCode\CommonCode.projitems*{bc2d1e37-d3c2-4225-8ce4-2e116e84e365}*SharedItemsImports = 4
		Core_InputHotkeyBlock\Core_InputHotkeyBlock.projitems*{bc2d1e37-d3c2-4225-8ce4-2e116e84e365}*SharedItemsImports = 4
		CommonCode\CommonCode.projitems*{bcf83f6e-cbe1-438e-96ca-a832b42519e6}*SharedItemsImports = 4
		Core_AnimationController\Core_AnimationController.projitems*{bcf83f6e-cbe1-438e-96ca-a832b42519e6}*SharedItemsImports = 4
		Core_InvisibleBody\Core_InvisibleBody.projitems*{c15b8820-0e24-452b-b076-1a052dd7c0fb}*SharedItemsImports = 13
		CommonCode\CommonCode.projitems*{c2c68ac3-cb8f-4ba7-91ea-9a242851294d}*SharedItemsImports = 4
		Core_Colliders\Core_Colliders.projitems*{c6216940-6935-4af3-b542-760d01b086cd}*SharedItemsImports = 13
		Core_HairAccessoryCustomizer\Core_HairAccessoryCustomizer.projitems*{c71a1776-100b-49c9-a944-ed54c4312591}*SharedItemsImports = 13
		Core_CharacterExport\Core_CharacterExport.projitems*{c88fbfe5-655f-4746-987c-e2826759f883}*SharedItemsImports = 13
		Core_MaterialEditor_Studio\Core_MaterialEditor_Studio.projitems*{cab936a6-622d-4498-bb82-a6cab53541e4}*SharedItemsImports = 13
		CommonCode\CommonCode.projitems*{cad079e9-566d-4933-8390-10476a337347}*SharedItemsImports = 4
		Core_Subtitles\Core_Subtitles.projitems*{cad079e9-566d-4933-8390-10476a337347}*SharedItemsImports = 4
		Core_Demosaic\Core_Demosaic.projitems*{cb53db90-ac91-4dbc-95a5-2729f177d3f7}*SharedItemsImports = 13
		CommonCode\CommonCode.projitems*{cee04077-20c2-4aae-9e45-930695ab03e8}*SharedItemsImports = 4
		Core_StudioSceneLoadedSound\Core_StudioSceneLoadedSound.projitems*{cee04077-20c2-4aae-9e45-930695ab03e8}*SharedItemsImports = 4
		CommonCode\CommonCode.projitems*{d7fabe27-7568-49b1-a81a-cdce5708970f}*SharedItemsImports = 4
		Core_AnimationOverdrive\Core_AnimationOverdrive.projitems*{d7fabe27-7568-49b1-a81a-cdce5708970f}*SharedItemsImports = 4
		CommonCode\CommonCode.projitems*{d9c3e165-10ab-4561-9d23-35de4e91addb}*SharedItemsImports = 4
		Core_HairAccessoryCustomizer\Core_HairAccessoryCustomizer.projitems*{d9c3e165-10ab-4561-9d23-35de4e91addb}*SharedItemsImports = 4
		Core_TextResourceRedirector\Core_TextResourceRedirector.projitems*{dcfde35b-c56b-48aa-8244-248ef1c805c3}*SharedItemsImports = 13
		Core_TextDump\Core_TextDump.projitems*{dda0a733-3e5d-4f70-a91c-dc4fbf88e410}*SharedItemsImports = 13
		CommonCode\CommonCode.projitems*{dff56dbe-9617-48e7-9dab-213890dbee6a}*SharedItemsImports = 4
		Core_Demosaic\Core_Demosaic.projitems*{dff56dbe-9617-48e7-9dab-213890dbee6a}*SharedItemsImports = 4
		CommonCode\CommonCode.projitems*{e0b39dba-571c-4b01-8479-63b59aa86b88}*SharedItemsImports = 4
		Core_TextResourceHelper\Core_TextResourceHelper.projitems*{e0b39dba-571c-4b01-8479-63b59aa86b88}*SharedItemsImports = 4
		Core_TextResourceRedirector\Core_TextResourceRedirector.projitems*{e0b39dba-571c-4b01-8479-63b59aa86b88}*SharedItemsImports = 4
		UIUtility\UIUtility.projitems*{e6ef7a17-9328-4821-af19-bc2c175bf4dd}*SharedItemsImports = 13
		Core_UncensorSelector\Core_UncensorSelector.projitems*{ea82bb52-404c-416a-9bf8-a36a90f6da93}*SharedItemsImports = 13
		CommonCode\CommonCode.projitems*{f0772d38-cabb-4e99-9c5a-336f5da499cb}*SharedItemsImports = 4
		Core_ClothingUnlocker\Core_ClothingUnlocker.projitems*{f0772d38-cabb-4e99-9c5a-336f5da499cb}*SharedItemsImports = 4
		CommonCode\CommonCode.projitems*{f1103e35-dbb1-4431-a8f6-8208cc0c65bd}*SharedItemsImports = 4
		Core_StudioObjectMoveHotkeys\Core_StudioObjectMoveHotkeys.projitems*{f1103e35-dbb1-4431-a8f6-8208cc0c65bd}*SharedItemsImports = 4
		CommonCode\CommonCode.projitems*{f28fc29b-5cd1-4aea-9e93-03bc9be51360}*SharedItemsImports = 4
		Core_Subtitles\Core_Subtitles.projitems*{f28fc29b-5cd1-4aea-9e93-03bc9be51360}*SharedItemsImports = 4
		CommonCode\CommonCode.projitems*{f32ba203-579f-413b-8f31-13ad03f5e6d5}*SharedItemsImports = 4
		Core_AnimationOverdrive\Core_AnimationOverdrive.projitems*{f32ba203-579f-413b-8f31-13ad03f5e6d5}*SharedItemsImports = 4
		CommonCode\CommonCode.projitems*{f609a9f5-e889-4729-9982-5e08febbf53e}*SharedItemsImports = 4
		CommonCode\CommonCode.projitems*{f89251cb-3fb1-439e-84d4-3cf9310fecac}*SharedItemsImports = 4
		Core_UncensorSelector\Core_UncensorSelector.projitems*{f89251cb-3fb1-439e-84d4-3cf9310fecac}*SharedItemsImports = 4
		Core_UncensorSelector_Studio\Core_UncensorSelector_Studio.projitems*{f89251cb-3fb1-439e-84d4-3cf9310fecac}*SharedItemsImports = 4
		CommonCode\CommonCode.projitems*{f9805d18-dd1b-4817-bbb0-5107873975f2}*SharedItemsImports = 4
		Core_PoseFolders\Core_PoseFolders.projitems*{fda2a8d5-c989-4a94-9a61-e6b60746d4b8}*SharedItemsImports = 13
	EndGlobalSection
	GlobalSection(SolutionConfigurationPlatforms) = preSolution
		Debug|Any CPU = Debug|Any CPU
		Release|Any CPU = Release|Any CPU
	EndGlobalSection
	GlobalSection(ProjectConfigurationPlatforms) = postSolution
		{6463C4B8-12CE-496B-8578-48D424F61400}.Debug|Any CPU.ActiveCfg = Debug|Any CPU
		{6463C4B8-12CE-496B-8578-48D424F61400}.Debug|Any CPU.Build.0 = Debug|Any CPU
		{6463C4B8-12CE-496B-8578-48D424F61400}.Release|Any CPU.ActiveCfg = Release|Any CPU
		{6463C4B8-12CE-496B-8578-48D424F61400}.Release|Any CPU.Build.0 = Release|Any CPU
		{78D47E8D-B2F7-4D7C-8BE8-213E4394A1FA}.Debug|Any CPU.ActiveCfg = Debug|Any CPU
		{78D47E8D-B2F7-4D7C-8BE8-213E4394A1FA}.Debug|Any CPU.Build.0 = Debug|Any CPU
		{78D47E8D-B2F7-4D7C-8BE8-213E4394A1FA}.Release|Any CPU.ActiveCfg = Release|Any CPU
		{78D47E8D-B2F7-4D7C-8BE8-213E4394A1FA}.Release|Any CPU.Build.0 = Release|Any CPU
		{650F4B0A-BE99-495B-84B0-0999AFEC670D}.Debug|Any CPU.ActiveCfg = Debug|Any CPU
		{650F4B0A-BE99-495B-84B0-0999AFEC670D}.Debug|Any CPU.Build.0 = Debug|Any CPU
		{650F4B0A-BE99-495B-84B0-0999AFEC670D}.Release|Any CPU.ActiveCfg = Release|Any CPU
		{650F4B0A-BE99-495B-84B0-0999AFEC670D}.Release|Any CPU.Build.0 = Release|Any CPU
		{F9805D18-DD1B-4817-BBB0-5107873975F2}.Debug|Any CPU.ActiveCfg = Debug|Any CPU
		{F9805D18-DD1B-4817-BBB0-5107873975F2}.Debug|Any CPU.Build.0 = Debug|Any CPU
		{F9805D18-DD1B-4817-BBB0-5107873975F2}.Release|Any CPU.ActiveCfg = Release|Any CPU
		{F9805D18-DD1B-4817-BBB0-5107873975F2}.Release|Any CPU.Build.0 = Release|Any CPU
		{C2C68AC3-CB8F-4BA7-91EA-9A242851294D}.Debug|Any CPU.ActiveCfg = Debug|Any CPU
		{C2C68AC3-CB8F-4BA7-91EA-9A242851294D}.Debug|Any CPU.Build.0 = Debug|Any CPU
		{C2C68AC3-CB8F-4BA7-91EA-9A242851294D}.Release|Any CPU.ActiveCfg = Release|Any CPU
		{C2C68AC3-CB8F-4BA7-91EA-9A242851294D}.Release|Any CPU.Build.0 = Release|Any CPU
		{17B56A36-764F-4670-941A-B0CB76558F37}.Debug|Any CPU.ActiveCfg = Debug|Any CPU
		{17B56A36-764F-4670-941A-B0CB76558F37}.Debug|Any CPU.Build.0 = Debug|Any CPU
		{17B56A36-764F-4670-941A-B0CB76558F37}.Release|Any CPU.ActiveCfg = Release|Any CPU
		{17B56A36-764F-4670-941A-B0CB76558F37}.Release|Any CPU.Build.0 = Release|Any CPU
		{3557D31C-F7F1-4FC6-BB2F-4360CD50152A}.Debug|Any CPU.ActiveCfg = Debug|Any CPU
		{3557D31C-F7F1-4FC6-BB2F-4360CD50152A}.Debug|Any CPU.Build.0 = Debug|Any CPU
		{3557D31C-F7F1-4FC6-BB2F-4360CD50152A}.Release|Any CPU.ActiveCfg = Release|Any CPU
		{3557D31C-F7F1-4FC6-BB2F-4360CD50152A}.Release|Any CPU.Build.0 = Release|Any CPU
		{190FE08F-1D2E-4615-8555-F036D5E48587}.Debug|Any CPU.ActiveCfg = Debug|Any CPU
		{190FE08F-1D2E-4615-8555-F036D5E48587}.Debug|Any CPU.Build.0 = Debug|Any CPU
		{190FE08F-1D2E-4615-8555-F036D5E48587}.Release|Any CPU.ActiveCfg = Release|Any CPU
		{190FE08F-1D2E-4615-8555-F036D5E48587}.Release|Any CPU.Build.0 = Release|Any CPU
		{AECDBBFB-B520-4589-AB30-EDB96F5354F0}.Debug|Any CPU.ActiveCfg = Debug|Any CPU
		{AECDBBFB-B520-4589-AB30-EDB96F5354F0}.Debug|Any CPU.Build.0 = Debug|Any CPU
		{AECDBBFB-B520-4589-AB30-EDB96F5354F0}.Release|Any CPU.ActiveCfg = Release|Any CPU
		{AECDBBFB-B520-4589-AB30-EDB96F5354F0}.Release|Any CPU.Build.0 = Release|Any CPU
		{98B3AD67-6608-420F-A3A4-D1ABD9402905}.Debug|Any CPU.ActiveCfg = Debug|Any CPU
		{98B3AD67-6608-420F-A3A4-D1ABD9402905}.Debug|Any CPU.Build.0 = Debug|Any CPU
		{98B3AD67-6608-420F-A3A4-D1ABD9402905}.Release|Any CPU.ActiveCfg = Release|Any CPU
		{98B3AD67-6608-420F-A3A4-D1ABD9402905}.Release|Any CPU.Build.0 = Release|Any CPU
		{0C56DBC3-848C-42FD-B4F2-AB31863261F8}.Debug|Any CPU.ActiveCfg = Debug|Any CPU
		{0C56DBC3-848C-42FD-B4F2-AB31863261F8}.Debug|Any CPU.Build.0 = Debug|Any CPU
		{0C56DBC3-848C-42FD-B4F2-AB31863261F8}.Release|Any CPU.ActiveCfg = Release|Any CPU
		{0C56DBC3-848C-42FD-B4F2-AB31863261F8}.Release|Any CPU.Build.0 = Release|Any CPU
		{6BAA3E18-20B2-41D3-BCFC-FE13E9D5C2C1}.Debug|Any CPU.ActiveCfg = Debug|Any CPU
		{6BAA3E18-20B2-41D3-BCFC-FE13E9D5C2C1}.Debug|Any CPU.Build.0 = Debug|Any CPU
		{6BAA3E18-20B2-41D3-BCFC-FE13E9D5C2C1}.Release|Any CPU.ActiveCfg = Release|Any CPU
		{6BAA3E18-20B2-41D3-BCFC-FE13E9D5C2C1}.Release|Any CPU.Build.0 = Release|Any CPU
		{F0772D38-CABB-4E99-9C5A-336F5DA499CB}.Debug|Any CPU.ActiveCfg = Debug|Any CPU
		{F0772D38-CABB-4E99-9C5A-336F5DA499CB}.Debug|Any CPU.Build.0 = Debug|Any CPU
		{F0772D38-CABB-4E99-9C5A-336F5DA499CB}.Release|Any CPU.ActiveCfg = Release|Any CPU
		{F0772D38-CABB-4E99-9C5A-336F5DA499CB}.Release|Any CPU.Build.0 = Release|Any CPU
		{D9C3E165-10AB-4561-9D23-35DE4E91ADDB}.Debug|Any CPU.ActiveCfg = Debug|Any CPU
		{D9C3E165-10AB-4561-9D23-35DE4E91ADDB}.Debug|Any CPU.Build.0 = Debug|Any CPU
		{D9C3E165-10AB-4561-9D23-35DE4E91ADDB}.Release|Any CPU.ActiveCfg = Release|Any CPU
		{D9C3E165-10AB-4561-9D23-35DE4E91ADDB}.Release|Any CPU.Build.0 = Release|Any CPU
		{3D3A1302-C529-4D07-97A4-02C23560A547}.Debug|Any CPU.ActiveCfg = Debug|Any CPU
		{3D3A1302-C529-4D07-97A4-02C23560A547}.Debug|Any CPU.Build.0 = Debug|Any CPU
		{3D3A1302-C529-4D07-97A4-02C23560A547}.Release|Any CPU.ActiveCfg = Release|Any CPU
		{3D3A1302-C529-4D07-97A4-02C23560A547}.Release|Any CPU.Build.0 = Release|Any CPU
		{A59CF955-A07B-4EF1-A9B5-169E0CE750DA}.Debug|Any CPU.ActiveCfg = Debug|Any CPU
		{A59CF955-A07B-4EF1-A9B5-169E0CE750DA}.Debug|Any CPU.Build.0 = Debug|Any CPU
		{A59CF955-A07B-4EF1-A9B5-169E0CE750DA}.Release|Any CPU.ActiveCfg = Release|Any CPU
		{A59CF955-A07B-4EF1-A9B5-169E0CE750DA}.Release|Any CPU.Build.0 = Release|Any CPU
		{7B514B4E-A0BC-4DA9-B2A8-0B72515E8033}.Debug|Any CPU.ActiveCfg = Debug|Any CPU
		{7B514B4E-A0BC-4DA9-B2A8-0B72515E8033}.Debug|Any CPU.Build.0 = Debug|Any CPU
		{7B514B4E-A0BC-4DA9-B2A8-0B72515E8033}.Release|Any CPU.ActiveCfg = Release|Any CPU
		{7B514B4E-A0BC-4DA9-B2A8-0B72515E8033}.Release|Any CPU.Build.0 = Release|Any CPU
		{D7FABE27-7568-49B1-A81A-CDCE5708970F}.Debug|Any CPU.ActiveCfg = Debug|Any CPU
		{D7FABE27-7568-49B1-A81A-CDCE5708970F}.Debug|Any CPU.Build.0 = Debug|Any CPU
		{D7FABE27-7568-49B1-A81A-CDCE5708970F}.Release|Any CPU.ActiveCfg = Release|Any CPU
		{D7FABE27-7568-49B1-A81A-CDCE5708970F}.Release|Any CPU.Build.0 = Release|Any CPU
		{42F4CCEE-063C-482F-AEE7-5E8D34433C95}.Debug|Any CPU.ActiveCfg = Debug|Any CPU
		{42F4CCEE-063C-482F-AEE7-5E8D34433C95}.Debug|Any CPU.Build.0 = Debug|Any CPU
		{42F4CCEE-063C-482F-AEE7-5E8D34433C95}.Release|Any CPU.ActiveCfg = Release|Any CPU
		{42F4CCEE-063C-482F-AEE7-5E8D34433C95}.Release|Any CPU.Build.0 = Release|Any CPU
		{7E21E1CC-356E-41BB-ABDD-BD0F99710361}.Debug|Any CPU.ActiveCfg = Debug|Any CPU
		{7E21E1CC-356E-41BB-ABDD-BD0F99710361}.Debug|Any CPU.Build.0 = Debug|Any CPU
		{7E21E1CC-356E-41BB-ABDD-BD0F99710361}.Release|Any CPU.ActiveCfg = Release|Any CPU
		{7E21E1CC-356E-41BB-ABDD-BD0F99710361}.Release|Any CPU.Build.0 = Release|Any CPU
		{4F27E216-A311-469C-891A-8E57F330A68F}.Debug|Any CPU.ActiveCfg = Debug|Any CPU
		{4F27E216-A311-469C-891A-8E57F330A68F}.Debug|Any CPU.Build.0 = Debug|Any CPU
		{4F27E216-A311-469C-891A-8E57F330A68F}.Release|Any CPU.ActiveCfg = Release|Any CPU
		{4F27E216-A311-469C-891A-8E57F330A68F}.Release|Any CPU.Build.0 = Release|Any CPU
		{F609A9F5-E889-4729-9982-5E08FEBBF53E}.Debug|Any CPU.ActiveCfg = Debug|Any CPU
		{F609A9F5-E889-4729-9982-5E08FEBBF53E}.Debug|Any CPU.Build.0 = Debug|Any CPU
		{F609A9F5-E889-4729-9982-5E08FEBBF53E}.Release|Any CPU.ActiveCfg = Release|Any CPU
		{F609A9F5-E889-4729-9982-5E08FEBBF53E}.Release|Any CPU.Build.0 = Release|Any CPU
		{89FE73CD-0973-4E53-A29A-634C5926D7A1}.Debug|Any CPU.ActiveCfg = Debug|Any CPU
		{89FE73CD-0973-4E53-A29A-634C5926D7A1}.Debug|Any CPU.Build.0 = Debug|Any CPU
		{89FE73CD-0973-4E53-A29A-634C5926D7A1}.Release|Any CPU.ActiveCfg = Release|Any CPU
		{89FE73CD-0973-4E53-A29A-634C5926D7A1}.Release|Any CPU.Build.0 = Release|Any CPU
		{46FCD429-D43B-4E0C-879D-46760202C288}.Debug|Any CPU.ActiveCfg = Debug|Any CPU
		{46FCD429-D43B-4E0C-879D-46760202C288}.Debug|Any CPU.Build.0 = Debug|Any CPU
		{46FCD429-D43B-4E0C-879D-46760202C288}.Release|Any CPU.ActiveCfg = Release|Any CPU
		{46FCD429-D43B-4E0C-879D-46760202C288}.Release|Any CPU.Build.0 = Release|Any CPU
		{6B1C1B2B-C74E-4C53-B019-5DFBA3BA3F75}.Debug|Any CPU.ActiveCfg = Debug|Any CPU
		{6B1C1B2B-C74E-4C53-B019-5DFBA3BA3F75}.Debug|Any CPU.Build.0 = Debug|Any CPU
		{6B1C1B2B-C74E-4C53-B019-5DFBA3BA3F75}.Release|Any CPU.ActiveCfg = Release|Any CPU
		{6B1C1B2B-C74E-4C53-B019-5DFBA3BA3F75}.Release|Any CPU.Build.0 = Release|Any CPU
		{587A82DD-6BC1-481A-B979-5CA6D247CF69}.Debug|Any CPU.ActiveCfg = Debug|Any CPU
		{587A82DD-6BC1-481A-B979-5CA6D247CF69}.Debug|Any CPU.Build.0 = Debug|Any CPU
		{587A82DD-6BC1-481A-B979-5CA6D247CF69}.Release|Any CPU.ActiveCfg = Release|Any CPU
		{587A82DD-6BC1-481A-B979-5CA6D247CF69}.Release|Any CPU.Build.0 = Release|Any CPU
		{AAE2BDC4-4CAB-4677-8F02-3290B6061097}.Debug|Any CPU.ActiveCfg = Debug|Any CPU
		{AAE2BDC4-4CAB-4677-8F02-3290B6061097}.Debug|Any CPU.Build.0 = Debug|Any CPU
		{AAE2BDC4-4CAB-4677-8F02-3290B6061097}.Release|Any CPU.ActiveCfg = Release|Any CPU
		{AAE2BDC4-4CAB-4677-8F02-3290B6061097}.Release|Any CPU.Build.0 = Release|Any CPU
		{B743E048-5913-4DEC-9067-8AFD1293A211}.Debug|Any CPU.ActiveCfg = Debug|Any CPU
		{B743E048-5913-4DEC-9067-8AFD1293A211}.Debug|Any CPU.Build.0 = Debug|Any CPU
		{B743E048-5913-4DEC-9067-8AFD1293A211}.Release|Any CPU.ActiveCfg = Release|Any CPU
		{B743E048-5913-4DEC-9067-8AFD1293A211}.Release|Any CPU.Build.0 = Release|Any CPU
		{8A811717-0CD1-4541-BD67-A0210586E4D0}.Debug|Any CPU.ActiveCfg = Debug|Any CPU
		{8A811717-0CD1-4541-BD67-A0210586E4D0}.Debug|Any CPU.Build.0 = Debug|Any CPU
		{8A811717-0CD1-4541-BD67-A0210586E4D0}.Release|Any CPU.ActiveCfg = Release|Any CPU
		{8A811717-0CD1-4541-BD67-A0210586E4D0}.Release|Any CPU.Build.0 = Release|Any CPU
		{90D733A9-3148-428D-AD87-E633A2A3A28B}.Debug|Any CPU.ActiveCfg = Debug|Any CPU
		{90D733A9-3148-428D-AD87-E633A2A3A28B}.Debug|Any CPU.Build.0 = Debug|Any CPU
		{90D733A9-3148-428D-AD87-E633A2A3A28B}.Release|Any CPU.ActiveCfg = Release|Any CPU
		{90D733A9-3148-428D-AD87-E633A2A3A28B}.Release|Any CPU.Build.0 = Release|Any CPU
		{BAA2D7C3-88F1-440D-A620-E0E4BC3ACCEC}.Debug|Any CPU.ActiveCfg = Debug|Any CPU
		{BAA2D7C3-88F1-440D-A620-E0E4BC3ACCEC}.Debug|Any CPU.Build.0 = Debug|Any CPU
		{BAA2D7C3-88F1-440D-A620-E0E4BC3ACCEC}.Release|Any CPU.ActiveCfg = Release|Any CPU
		{BAA2D7C3-88F1-440D-A620-E0E4BC3ACCEC}.Release|Any CPU.Build.0 = Release|Any CPU
		{F28FC29B-5CD1-4AEA-9E93-03BC9BE51360}.Debug|Any CPU.ActiveCfg = Debug|Any CPU
		{F28FC29B-5CD1-4AEA-9E93-03BC9BE51360}.Debug|Any CPU.Build.0 = Debug|Any CPU
		{F28FC29B-5CD1-4AEA-9E93-03BC9BE51360}.Release|Any CPU.ActiveCfg = Release|Any CPU
		{F28FC29B-5CD1-4AEA-9E93-03BC9BE51360}.Release|Any CPU.Build.0 = Release|Any CPU
		{4D019B66-3042-4ABB-81A1-FC72D61844E5}.Debug|Any CPU.ActiveCfg = Debug|Any CPU
		{4D019B66-3042-4ABB-81A1-FC72D61844E5}.Debug|Any CPU.Build.0 = Debug|Any CPU
		{4D019B66-3042-4ABB-81A1-FC72D61844E5}.Release|Any CPU.ActiveCfg = Release|Any CPU
		{4D019B66-3042-4ABB-81A1-FC72D61844E5}.Release|Any CPU.Build.0 = Release|Any CPU
		{49ADD937-3C6A-427C-910F-98A3AD1FCCF9}.Debug|Any CPU.ActiveCfg = Debug|Any CPU
		{49ADD937-3C6A-427C-910F-98A3AD1FCCF9}.Debug|Any CPU.Build.0 = Debug|Any CPU
		{49ADD937-3C6A-427C-910F-98A3AD1FCCF9}.Release|Any CPU.ActiveCfg = Release|Any CPU
		{49ADD937-3C6A-427C-910F-98A3AD1FCCF9}.Release|Any CPU.Build.0 = Release|Any CPU
		{E0B39DBA-571C-4B01-8479-63B59AA86B88}.Debug|Any CPU.ActiveCfg = Debug|Any CPU
		{E0B39DBA-571C-4B01-8479-63B59AA86B88}.Debug|Any CPU.Build.0 = Debug|Any CPU
		{E0B39DBA-571C-4B01-8479-63B59AA86B88}.Release|Any CPU.ActiveCfg = Release|Any CPU
		{E0B39DBA-571C-4B01-8479-63B59AA86B88}.Release|Any CPU.Build.0 = Release|Any CPU
		{25E45F23-4D1D-4CD0-B0BC-653C8AE1C561}.Debug|Any CPU.ActiveCfg = Debug|Any CPU
		{25E45F23-4D1D-4CD0-B0BC-653C8AE1C561}.Debug|Any CPU.Build.0 = Debug|Any CPU
		{25E45F23-4D1D-4CD0-B0BC-653C8AE1C561}.Release|Any CPU.ActiveCfg = Release|Any CPU
		{25E45F23-4D1D-4CD0-B0BC-653C8AE1C561}.Release|Any CPU.Build.0 = Release|Any CPU
		{CAD079E9-566D-4933-8390-10476A337347}.Debug|Any CPU.ActiveCfg = Debug|Any CPU
		{CAD079E9-566D-4933-8390-10476A337347}.Debug|Any CPU.Build.0 = Debug|Any CPU
		{CAD079E9-566D-4933-8390-10476A337347}.Release|Any CPU.ActiveCfg = Release|Any CPU
		{CAD079E9-566D-4933-8390-10476A337347}.Release|Any CPU.Build.0 = Release|Any CPU
		{93A50359-A48F-4A3F-BDB8-86D2A320A99E}.Debug|Any CPU.ActiveCfg = Debug|Any CPU
		{93A50359-A48F-4A3F-BDB8-86D2A320A99E}.Debug|Any CPU.Build.0 = Debug|Any CPU
		{93A50359-A48F-4A3F-BDB8-86D2A320A99E}.Release|Any CPU.ActiveCfg = Release|Any CPU
		{93A50359-A48F-4A3F-BDB8-86D2A320A99E}.Release|Any CPU.Build.0 = Release|Any CPU
		{DFF56DBE-9617-48E7-9DAB-213890DBEE6A}.Debug|Any CPU.ActiveCfg = Debug|Any CPU
		{DFF56DBE-9617-48E7-9DAB-213890DBEE6A}.Debug|Any CPU.Build.0 = Debug|Any CPU
		{DFF56DBE-9617-48E7-9DAB-213890DBEE6A}.Release|Any CPU.ActiveCfg = Release|Any CPU
		{DFF56DBE-9617-48E7-9DAB-213890DBEE6A}.Release|Any CPU.Build.0 = Release|Any CPU
		{36247DAB-4F43-4007-9856-03971A475D8F}.Debug|Any CPU.ActiveCfg = Debug|Any CPU
		{36247DAB-4F43-4007-9856-03971A475D8F}.Debug|Any CPU.Build.0 = Debug|Any CPU
		{36247DAB-4F43-4007-9856-03971A475D8F}.Release|Any CPU.ActiveCfg = Release|Any CPU
		{36247DAB-4F43-4007-9856-03971A475D8F}.Release|Any CPU.Build.0 = Release|Any CPU
		{B697727B-9F9C-44B0-BAA4-DE9CBF184EA5}.Debug|Any CPU.ActiveCfg = Debug|Any CPU
		{B697727B-9F9C-44B0-BAA4-DE9CBF184EA5}.Debug|Any CPU.Build.0 = Debug|Any CPU
		{B697727B-9F9C-44B0-BAA4-DE9CBF184EA5}.Release|Any CPU.ActiveCfg = Release|Any CPU
		{B697727B-9F9C-44B0-BAA4-DE9CBF184EA5}.Release|Any CPU.Build.0 = Release|Any CPU
		{BC2D1E37-D3C2-4225-8CE4-2E116E84E365}.Debug|Any CPU.ActiveCfg = Debug|Any CPU
		{BC2D1E37-D3C2-4225-8CE4-2E116E84E365}.Debug|Any CPU.Build.0 = Debug|Any CPU
		{BC2D1E37-D3C2-4225-8CE4-2E116E84E365}.Release|Any CPU.ActiveCfg = Release|Any CPU
		{BC2D1E37-D3C2-4225-8CE4-2E116E84E365}.Release|Any CPU.Build.0 = Release|Any CPU
		{6BC022E8-B0BF-4A6A-8A0D-D3CE0A9D8E5A}.Debug|Any CPU.ActiveCfg = Debug|Any CPU
		{6BC022E8-B0BF-4A6A-8A0D-D3CE0A9D8E5A}.Debug|Any CPU.Build.0 = Debug|Any CPU
		{6BC022E8-B0BF-4A6A-8A0D-D3CE0A9D8E5A}.Release|Any CPU.ActiveCfg = Release|Any CPU
		{6BC022E8-B0BF-4A6A-8A0D-D3CE0A9D8E5A}.Release|Any CPU.Build.0 = Release|Any CPU
		{F89251CB-3FB1-439E-84D4-3CF9310FECAC}.Debug|Any CPU.ActiveCfg = Debug|Any CPU
		{F89251CB-3FB1-439E-84D4-3CF9310FECAC}.Debug|Any CPU.Build.0 = Debug|Any CPU
		{F89251CB-3FB1-439E-84D4-3CF9310FECAC}.Release|Any CPU.ActiveCfg = Release|Any CPU
		{F89251CB-3FB1-439E-84D4-3CF9310FECAC}.Release|Any CPU.Build.0 = Release|Any CPU
		{4026BB4C-6A7D-41B7-AEBD-6044C9326523}.Debug|Any CPU.ActiveCfg = Debug|Any CPU
		{4026BB4C-6A7D-41B7-AEBD-6044C9326523}.Debug|Any CPU.Build.0 = Debug|Any CPU
		{4026BB4C-6A7D-41B7-AEBD-6044C9326523}.Release|Any CPU.ActiveCfg = Release|Any CPU
		{4026BB4C-6A7D-41B7-AEBD-6044C9326523}.Release|Any CPU.Build.0 = Release|Any CPU
		{B43D16F2-1542-423F-BA3C-C6ABC82C4281}.Debug|Any CPU.ActiveCfg = Debug|Any CPU
		{B43D16F2-1542-423F-BA3C-C6ABC82C4281}.Debug|Any CPU.Build.0 = Debug|Any CPU
		{B43D16F2-1542-423F-BA3C-C6ABC82C4281}.Release|Any CPU.ActiveCfg = Release|Any CPU
		{B43D16F2-1542-423F-BA3C-C6ABC82C4281}.Release|Any CPU.Build.0 = Release|Any CPU
		{7162D8CC-6EFC-411A-87B3-656BADA98468}.Debug|Any CPU.ActiveCfg = Debug|Any CPU
		{7162D8CC-6EFC-411A-87B3-656BADA98468}.Debug|Any CPU.Build.0 = Debug|Any CPU
		{7162D8CC-6EFC-411A-87B3-656BADA98468}.Release|Any CPU.ActiveCfg = Release|Any CPU
		{7162D8CC-6EFC-411A-87B3-656BADA98468}.Release|Any CPU.Build.0 = Release|Any CPU
		{F1103E35-DBB1-4431-A8F6-8208CC0C65BD}.Debug|Any CPU.ActiveCfg = Debug|Any CPU
		{F1103E35-DBB1-4431-A8F6-8208CC0C65BD}.Debug|Any CPU.Build.0 = Debug|Any CPU
		{F1103E35-DBB1-4431-A8F6-8208CC0C65BD}.Release|Any CPU.ActiveCfg = Release|Any CPU
		{F1103E35-DBB1-4431-A8F6-8208CC0C65BD}.Release|Any CPU.Build.0 = Release|Any CPU
		{144F9206-641B-40C1-8464-BC035B255DD4}.Debug|Any CPU.ActiveCfg = Debug|Any CPU
		{144F9206-641B-40C1-8464-BC035B255DD4}.Debug|Any CPU.Build.0 = Debug|Any CPU
		{144F9206-641B-40C1-8464-BC035B255DD4}.Release|Any CPU.ActiveCfg = Release|Any CPU
		{144F9206-641B-40C1-8464-BC035B255DD4}.Release|Any CPU.Build.0 = Release|Any CPU
		{83D27765-5C0A-4909-B4DC-FB6B20ECE642}.Debug|Any CPU.ActiveCfg = Debug|Any CPU
		{83D27765-5C0A-4909-B4DC-FB6B20ECE642}.Debug|Any CPU.Build.0 = Debug|Any CPU
		{83D27765-5C0A-4909-B4DC-FB6B20ECE642}.Release|Any CPU.ActiveCfg = Release|Any CPU
		{83D27765-5C0A-4909-B4DC-FB6B20ECE642}.Release|Any CPU.Build.0 = Release|Any CPU
		{BCF83F6E-CBE1-438E-96CA-A832B42519E6}.Debug|Any CPU.ActiveCfg = Debug|Any CPU
		{BCF83F6E-CBE1-438E-96CA-A832B42519E6}.Debug|Any CPU.Build.0 = Debug|Any CPU
		{BCF83F6E-CBE1-438E-96CA-A832B42519E6}.Release|Any CPU.ActiveCfg = Release|Any CPU
		{BCF83F6E-CBE1-438E-96CA-A832B42519E6}.Release|Any CPU.Build.0 = Release|Any CPU
		{F32BA203-579F-413B-8F31-13AD03F5E6D5}.Debug|Any CPU.ActiveCfg = Debug|Any CPU
		{F32BA203-579F-413B-8F31-13AD03F5E6D5}.Debug|Any CPU.Build.0 = Debug|Any CPU
		{F32BA203-579F-413B-8F31-13AD03F5E6D5}.Release|Any CPU.ActiveCfg = Release|Any CPU
		{F32BA203-579F-413B-8F31-13AD03F5E6D5}.Release|Any CPU.Build.0 = Release|Any CPU
		{CEE04077-20C2-4AAE-9E45-930695AB03E8}.Debug|Any CPU.ActiveCfg = Debug|Any CPU
		{CEE04077-20C2-4AAE-9E45-930695AB03E8}.Debug|Any CPU.Build.0 = Debug|Any CPU
		{CEE04077-20C2-4AAE-9E45-930695AB03E8}.Release|Any CPU.ActiveCfg = Release|Any CPU
		{CEE04077-20C2-4AAE-9E45-930695AB03E8}.Release|Any CPU.Build.0 = Release|Any CPU
		{8BDAD525-960E-4E93-9333-F782985C4F99}.Debug|Any CPU.ActiveCfg = Debug|Any CPU
		{8BDAD525-960E-4E93-9333-F782985C4F99}.Debug|Any CPU.Build.0 = Debug|Any CPU
		{8BDAD525-960E-4E93-9333-F782985C4F99}.Release|Any CPU.ActiveCfg = Release|Any CPU
		{8BDAD525-960E-4E93-9333-F782985C4F99}.Release|Any CPU.Build.0 = Release|Any CPU
		{5FEA4668-1430-413B-B744-8951A4C07745}.Debug|Any CPU.ActiveCfg = Debug|Any CPU
		{5FEA4668-1430-413B-B744-8951A4C07745}.Debug|Any CPU.Build.0 = Debug|Any CPU
		{5FEA4668-1430-413B-B744-8951A4C07745}.Release|Any CPU.ActiveCfg = Release|Any CPU
		{5FEA4668-1430-413B-B744-8951A4C07745}.Release|Any CPU.Build.0 = Release|Any CPU
		{74C4A9B4-93DB-49DE-ADA1-84C9586D62D1}.Debug|Any CPU.ActiveCfg = Debug|Any CPU
		{74C4A9B4-93DB-49DE-ADA1-84C9586D62D1}.Debug|Any CPU.Build.0 = Debug|Any CPU
		{74C4A9B4-93DB-49DE-ADA1-84C9586D62D1}.Release|Any CPU.ActiveCfg = Release|Any CPU
		{74C4A9B4-93DB-49DE-ADA1-84C9586D62D1}.Release|Any CPU.Build.0 = Release|Any CPU
		{770F33BC-7C92-4059-A4AF-9A958CEE6BDE}.Debug|Any CPU.ActiveCfg = Debug|Any CPU
		{770F33BC-7C92-4059-A4AF-9A958CEE6BDE}.Debug|Any CPU.Build.0 = Debug|Any CPU
		{770F33BC-7C92-4059-A4AF-9A958CEE6BDE}.Release|Any CPU.ActiveCfg = Release|Any CPU
		{770F33BC-7C92-4059-A4AF-9A958CEE6BDE}.Release|Any CPU.Build.0 = Release|Any CPU
	EndGlobalSection
	GlobalSection(SolutionProperties) = preSolution
		HideSolutionNode = FALSE
	EndGlobalSection
	GlobalSection(NestedProjects) = preSolution
		{78D47E8D-B2F7-4D7C-8BE8-213E4394A1FA} = {92DF1BEE-7CB1-449B-873A-21988E061EFB}
		{17B56A36-764F-4670-941A-B0CB76558F37} = {CE8EA04B-6351-40C4-97AB-24CAE7020DCB}
		{3557D31C-F7F1-4FC6-BB2F-4360CD50152A} = {06544F1F-7504-40FB-B614-B8B50B6D790D}
		{190FE08F-1D2E-4615-8555-F036D5E48587} = {74A0EB97-BF27-453D-B01D-DC0CDC60BC19}
		{AECDBBFB-B520-4589-AB30-EDB96F5354F0} = {A17C16DF-D157-4751-94E7-686FD22E1DAC}
		{98B3AD67-6608-420F-A3A4-D1ABD9402905} = {C09C475A-6755-4E09-8D60-36B8FA2ADE63}
		{6BAA3E18-20B2-41D3-BCFC-FE13E9D5C2C1} = {877CDF4C-3018-40BD-BDBB-4B6039FB42CB}
		{F0772D38-CABB-4E99-9C5A-336F5DA499CB} = {DC6F7D25-B687-42EF-93E7-0A241E3FD905}
		{D9C3E165-10AB-4561-9D23-35DE4E91ADDB} = {6249F14A-AEBF-4683-AC7E-64458FC9F6D5}
		{3D3A1302-C529-4D07-97A4-02C23560A547} = {39BE0BD8-0A15-4BDC-AF84-34206D210891}
		{D7FABE27-7568-49B1-A81A-CDCE5708970F} = {E209182D-50F5-4081-89DF-1CF337A5AD64}
		{4F27E216-A311-469C-891A-8E57F330A68F} = {6F0DF0B5-3EC0-40D1-8874-6960D8377E6D}
		{89FE73CD-0973-4E53-A29A-634C5926D7A1} = {6249F14A-AEBF-4683-AC7E-64458FC9F6D5}
		{C71A1776-100B-49C9-A944-ED54C4312591} = {6249F14A-AEBF-4683-AC7E-64458FC9F6D5}
		{46FCD429-D43B-4E0C-879D-46760202C288} = {2C7A7F55-0590-4BB9-AF5A-7AB3F02BF319}
		{C15B8820-0E24-452B-B076-1A052DD7C0FB} = {CE8EA04B-6351-40C4-97AB-24CAE7020DCB}
		{6B1C1B2B-C74E-4C53-B019-5DFBA3BA3F75} = {CE8EA04B-6351-40C4-97AB-24CAE7020DCB}
		{EA82BB52-404C-416A-9BF8-A36A90F6DA93} = {74A0EB97-BF27-453D-B01D-DC0CDC60BC19}
		{587A82DD-6BC1-481A-B979-5CA6D247CF69} = {74A0EB97-BF27-453D-B01D-DC0CDC60BC19}
		{0F7181C7-8D52-4576-9BFF-D4B7D08F42A2} = {DC6F7D25-B687-42EF-93E7-0A241E3FD905}
		{AAE2BDC4-4CAB-4677-8F02-3290B6061097} = {DC6F7D25-B687-42EF-93E7-0A241E3FD905}
		{B743E048-5913-4DEC-9067-8AFD1293A211} = {2D958E84-D5C4-4F57-A430-BA0CB5F3DF13}
		{90D733A9-3148-428D-AD87-E633A2A3A28B} = {781E2AFE-9DB0-4403-83A5-F0F327EDB9FB}
		{BAA2D7C3-88F1-440D-A620-E0E4BC3ACCEC} = {5890839F-EACD-4DE3-89CB-A75CFC94BA85}
		{F28FC29B-5CD1-4AEA-9E93-03BC9BE51360} = {A17C16DF-D157-4751-94E7-686FD22E1DAC}
		{9B492E05-5822-4BB0-BE28-A468D1F318AB} = {A17C16DF-D157-4751-94E7-686FD22E1DAC}
		{4D019B66-3042-4ABB-81A1-FC72D61844E5} = {C09C475A-6755-4E09-8D60-36B8FA2ADE63}
		{49ADD937-3C6A-427C-910F-98A3AD1FCCF9} = {57C76B28-11D8-4B59-AED0-AA3935FD7F93}
		{E0B39DBA-571C-4B01-8479-63B59AA86B88} = {57C76B28-11D8-4B59-AED0-AA3935FD7F93}
		{DCFDE35B-C56B-48AA-8244-248EF1C805C3} = {57C76B28-11D8-4B59-AED0-AA3935FD7F93}
		{5A8FDB27-FFCA-4A77-AB0F-AFDEF9A034ED} = {2D958E84-D5C4-4F57-A430-BA0CB5F3DF13}
		{25E45F23-4D1D-4CD0-B0BC-653C8AE1C561} = {2D958E84-D5C4-4F57-A430-BA0CB5F3DF13}
		{CAD079E9-566D-4933-8390-10476A337347} = {A17C16DF-D157-4751-94E7-686FD22E1DAC}
		{93A50359-A48F-4A3F-BDB8-86D2A320A99E} = {2C7A7F55-0590-4BB9-AF5A-7AB3F02BF319}
		{CB53DB90-AC91-4DBC-95A5-2729F177D3F7} = {2C7A7F55-0590-4BB9-AF5A-7AB3F02BF319}
		{DFF56DBE-9617-48E7-9DAB-213890DBEE6A} = {2C7A7F55-0590-4BB9-AF5A-7AB3F02BF319}
		{36247DAB-4F43-4007-9856-03971A475D8F} = {2D958E84-D5C4-4F57-A430-BA0CB5F3DF13}
		{B697727B-9F9C-44B0-BAA4-DE9CBF184EA5} = {57C76B28-11D8-4B59-AED0-AA3935FD7F93}
		{8E430F6C-8222-4F1B-950F-4D5595DDF7F7} = {06544F1F-7504-40FB-B614-B8B50B6D790D}
		{BC2D1E37-D3C2-4225-8CE4-2E116E84E365} = {06544F1F-7504-40FB-B614-B8B50B6D790D}
		{6BC022E8-B0BF-4A6A-8A0D-D3CE0A9D8E5A} = {06544F1F-7504-40FB-B614-B8B50B6D790D}
		{F89251CB-3FB1-439E-84D4-3CF9310FECAC} = {74A0EB97-BF27-453D-B01D-DC0CDC60BC19}
		{4026BB4C-6A7D-41B7-AEBD-6044C9326523} = {C09C475A-6755-4E09-8D60-36B8FA2ADE63}
		{B43D16F2-1542-423F-BA3C-C6ABC82C4281} = {CE8EA04B-6351-40C4-97AB-24CAE7020DCB}
		{81DE7D3B-A8A0-43C2-AC9D-F65AC528B997} = {CE8EA04B-6351-40C4-97AB-24CAE7020DCB}
		{7162D8CC-6EFC-411A-87B3-656BADA98468} = {6F0DF0B5-3EC0-40D1-8874-6960D8377E6D}
		{FDA2A8D5-C989-4A94-9A61-E6B60746D4B8} = {6F0DF0B5-3EC0-40D1-8874-6960D8377E6D}
		{DDA0A733-3E5D-4F70-A91C-DC4FBF88E410} = {C09C475A-6755-4E09-8D60-36B8FA2ADE63}
		{CAB936A6-622D-4498-BB82-A6CAB53541E4} = {2D958E84-D5C4-4F57-A430-BA0CB5F3DF13}
		{A5E0B487-CF0F-41D1-BBC8-A4B72CA62564} = {74A0EB97-BF27-453D-B01D-DC0CDC60BC19}
		{25352133-33B7-41E0-867A-D07C613AC3E9} = {5890839F-EACD-4DE3-89CB-A75CFC94BA85}
		{F1103E35-DBB1-4431-A8F6-8208CC0C65BD} = {5890839F-EACD-4DE3-89CB-A75CFC94BA85}
		{81D88C3E-4094-436C-8EED-BA18A81A96A4} = {781E2AFE-9DB0-4403-83A5-F0F327EDB9FB}
		{144F9206-641B-40C1-8464-BC035B255DD4} = {781E2AFE-9DB0-4403-83A5-F0F327EDB9FB}
		{C6216940-6935-4AF3-B542-760D01B086CD} = {39BE0BD8-0A15-4BDC-AF84-34206D210891}
		{83D27765-5C0A-4909-B4DC-FB6B20ECE642} = {39BE0BD8-0A15-4BDC-AF84-34206D210891}
		{0A702757-CE40-48FE-BED1-00BE3B717417} = {877CDF4C-3018-40BD-BDBB-4B6039FB42CB}
		{BCF83F6E-CBE1-438E-96CA-A832B42519E6} = {877CDF4C-3018-40BD-BDBB-4B6039FB42CB}
		{93BDA08C-F6D2-44BB-B872-BA0F0A16D46B} = {E209182D-50F5-4081-89DF-1CF337A5AD64}
		{F32BA203-579F-413B-8F31-13AD03F5E6D5} = {E209182D-50F5-4081-89DF-1CF337A5AD64}
		{BBFC4A4F-16DE-4182-8BE1-D364D0F165A2} = {57C76B28-11D8-4B59-AED0-AA3935FD7F93}
		{94670AF2-2A1F-49AF-A66F-03FA381A9F02} = {BBFC4A4F-16DE-4182-8BE1-D364D0F165A2}
		{6F1B1AE0-204D-4CB4-A290-A06A3DD56377} = {BBFC4A4F-16DE-4182-8BE1-D364D0F165A2}
		{50BA3BAF-50D9-4E53-BF4A-2B804CE0E19B} = {BBFC4A4F-16DE-4182-8BE1-D364D0F165A2}
		{46C0C1ED-0307-4D93-97D5-D71A8D682EEA} = {92DF1BEE-7CB1-449B-873A-21988E061EFB}
		{CEE04077-20C2-4AAE-9E45-930695AB03E8} = {92DF1BEE-7CB1-449B-873A-21988E061EFB}
		{8BDAD525-960E-4E93-9333-F782985C4F99} = {6D137D85-8775-4AAD-AE6D-7EDC762D7075}
		{C88FBFE5-655F-4746-987C-E2826759F883} = {6D137D85-8775-4AAD-AE6D-7EDC762D7075}
		{5FEA4668-1430-413B-B744-8951A4C07745} = {6D137D85-8775-4AAD-AE6D-7EDC762D7075}
		{74C4A9B4-93DB-49DE-ADA1-84C9586D62D1} = {6D137D85-8775-4AAD-AE6D-7EDC762D7075}
	EndGlobalSection
	GlobalSection(ExtensibilityGlobals) = postSolution
		SolutionGuid = {D0F79985-4CB7-46CB-BEC2-FF89C476ED20}
	EndGlobalSection
EndGlobal
